// !$*UTF8*$!
{
	archiveVersion = 1;
	classes = {
	};
	objectVersion = 56;
	objects = {

/* Begin PBXBuildFile section */
		30680EA72A74F83C0028A7C3 /* JannahAPI in Frameworks */ = {isa = PBXBuildFile; productRef = 30680EA62A74F83C0028A7C3 /* JannahAPI */; };
		3068B5D82A74042300F33F54 /* JannahApp.swift in Sources */ = {isa = PBXBuildFile; fileRef = 3068B5D72A74042300F33F54 /* JannahApp.swift */; };
		3068B5DA2A74042300F33F54 /* ContentView.swift in Sources */ = {isa = PBXBuildFile; fileRef = 3068B5D92A74042300F33F54 /* ContentView.swift */; };
		3068B5DC2A74042400F33F54 /* Assets.xcassets in Resources */ = {isa = PBXBuildFile; fileRef = 3068B5DB2A74042400F33F54 /* Assets.xcassets */; };
		3068B5DF2A74042400F33F54 /* Preview Assets.xcassets in Resources */ = {isa = PBXBuildFile; fileRef = 3068B5DE2A74042400F33F54 /* Preview Assets.xcassets */; };
		3068B5E92A74042400F33F54 /* JannahTests.swift in Sources */ = {isa = PBXBuildFile; fileRef = 3068B5E82A74042400F33F54 /* JannahTests.swift */; };
		3068B5F32A74042400F33F54 /* JannahUITests.swift in Sources */ = {isa = PBXBuildFile; fileRef = 3068B5F22A74042400F33F54 /* JannahUITests.swift */; };
		3068B5F52A74042400F33F54 /* JannahUITestsLaunchTests.swift in Sources */ = {isa = PBXBuildFile; fileRef = 3068B5F42A74042400F33F54 /* JannahUITestsLaunchTests.swift */; };
		3068B6032A74068600F33F54 /* Apollo in Frameworks */ = {isa = PBXBuildFile; productRef = 3068B6022A74068600F33F54 /* Apollo */; };
		3068B6052A74068600F33F54 /* ApolloAPI in Frameworks */ = {isa = PBXBuildFile; productRef = 3068B6042A74068600F33F54 /* ApolloAPI */; };
		3068B6072A74068600F33F54 /* ApolloCodegenLib in Frameworks */ = {isa = PBXBuildFile; productRef = 3068B6062A74068600F33F54 /* ApolloCodegenLib */; };
		3068B6092A74068600F33F54 /* ApolloSQLite in Frameworks */ = {isa = PBXBuildFile; productRef = 3068B6082A74068600F33F54 /* ApolloSQLite */; };
		3068B60B2A74068600F33F54 /* ApolloTestSupport in Frameworks */ = {isa = PBXBuildFile; productRef = 3068B60A2A74068600F33F54 /* ApolloTestSupport */; };
		3068B60D2A74068600F33F54 /* ApolloWebSocket in Frameworks */ = {isa = PBXBuildFile; productRef = 3068B60C2A74068600F33F54 /* ApolloWebSocket */; };
		3068B60F2A741BF700F33F54 /* apollo-codegen-config.json in Resources */ = {isa = PBXBuildFile; fileRef = 3068B60E2A741BF700F33F54 /* apollo-codegen-config.json */; };
		3068B6112A742BF800F33F54 /* graphql in Resources */ = {isa = PBXBuildFile; fileRef = 3068B6102A742BF800F33F54 /* graphql */; };
/* End PBXBuildFile section */

/* Begin PBXContainerItemProxy section */
		3068B5E52A74042400F33F54 /* PBXContainerItemProxy */ = {
			isa = PBXContainerItemProxy;
			containerPortal = 3068B5CC2A74042300F33F54 /* Project object */;
			proxyType = 1;
			remoteGlobalIDString = 3068B5D32A74042300F33F54;
			remoteInfo = Jannah;
		};
		3068B5EF2A74042400F33F54 /* PBXContainerItemProxy */ = {
			isa = PBXContainerItemProxy;
			containerPortal = 3068B5CC2A74042300F33F54 /* Project object */;
			proxyType = 1;
			remoteGlobalIDString = 3068B5D32A74042300F33F54;
			remoteInfo = Jannah;
		};
/* End PBXContainerItemProxy section */

/* Begin PBXFileReference section */
		30680EA52A74F82C0028A7C3 /* JannahAPI */ = {isa = PBXFileReference; lastKnownFileType = wrapper; path = JannahAPI; sourceTree = "<group>"; };
		3068B5D42A74042300F33F54 /* Jannah.app */ = {isa = PBXFileReference; explicitFileType = wrapper.application; includeInIndex = 0; path = Jannah.app; sourceTree = BUILT_PRODUCTS_DIR; };
		3068B5D72A74042300F33F54 /* JannahApp.swift */ = {isa = PBXFileReference; lastKnownFileType = sourcecode.swift; path = JannahApp.swift; sourceTree = "<group>"; };
		3068B5D92A74042300F33F54 /* ContentView.swift */ = {isa = PBXFileReference; lastKnownFileType = sourcecode.swift; path = ContentView.swift; sourceTree = "<group>"; };
		3068B5DB2A74042400F33F54 /* Assets.xcassets */ = {isa = PBXFileReference; lastKnownFileType = folder.assetcatalog; path = Assets.xcassets; sourceTree = "<group>"; };
		3068B5DE2A74042400F33F54 /* Preview Assets.xcassets */ = {isa = PBXFileReference; lastKnownFileType = folder.assetcatalog; path = "Preview Assets.xcassets"; sourceTree = "<group>"; };
		3068B5E42A74042400F33F54 /* JannahTests.xctest */ = {isa = PBXFileReference; explicitFileType = wrapper.cfbundle; includeInIndex = 0; path = JannahTests.xctest; sourceTree = BUILT_PRODUCTS_DIR; };
		3068B5E82A74042400F33F54 /* JannahTests.swift */ = {isa = PBXFileReference; lastKnownFileType = sourcecode.swift; path = JannahTests.swift; sourceTree = "<group>"; };
		3068B5EE2A74042400F33F54 /* JannahUITests.xctest */ = {isa = PBXFileReference; explicitFileType = wrapper.cfbundle; includeInIndex = 0; path = JannahUITests.xctest; sourceTree = BUILT_PRODUCTS_DIR; };
		3068B5F22A74042400F33F54 /* JannahUITests.swift */ = {isa = PBXFileReference; lastKnownFileType = sourcecode.swift; path = JannahUITests.swift; sourceTree = "<group>"; };
		3068B5F42A74042400F33F54 /* JannahUITestsLaunchTests.swift */ = {isa = PBXFileReference; lastKnownFileType = sourcecode.swift; path = JannahUITestsLaunchTests.swift; sourceTree = "<group>"; };
		3068B60E2A741BF700F33F54 /* apollo-codegen-config.json */ = {isa = PBXFileReference; fileEncoding = 4; lastKnownFileType = text.json; path = "apollo-codegen-config.json"; sourceTree = "<group>"; };
		3068B6102A742BF800F33F54 /* graphql */ = {isa = PBXFileReference; lastKnownFileType = folder; path = graphql; sourceTree = "<group>"; };
/* End PBXFileReference section */

/* Begin PBXFrameworksBuildPhase section */
		3068B5D12A74042300F33F54 /* Frameworks */ = {
			isa = PBXFrameworksBuildPhase;
			buildActionMask = 2147483647;
			files = (
				30680EA72A74F83C0028A7C3 /* JannahAPI in Frameworks */,
				3068B6052A74068600F33F54 /* ApolloAPI in Frameworks */,
				3068B60D2A74068600F33F54 /* ApolloWebSocket in Frameworks */,
				3068B60B2A74068600F33F54 /* ApolloTestSupport in Frameworks */,
				3068B6092A74068600F33F54 /* ApolloSQLite in Frameworks */,
				3068B6072A74068600F33F54 /* ApolloCodegenLib in Frameworks */,
				3068B6032A74068600F33F54 /* Apollo in Frameworks */,
			);
			runOnlyForDeploymentPostprocessing = 0;
		};
		3068B5E12A74042400F33F54 /* Frameworks */ = {
			isa = PBXFrameworksBuildPhase;
			buildActionMask = 2147483647;
			files = (
			);
			runOnlyForDeploymentPostprocessing = 0;
		};
		3068B5EB2A74042400F33F54 /* Frameworks */ = {
			isa = PBXFrameworksBuildPhase;
			buildActionMask = 2147483647;
			files = (
			);
			runOnlyForDeploymentPostprocessing = 0;
		};
/* End PBXFrameworksBuildPhase section */

/* Begin PBXGroup section */
		30680EA12A74D3360028A7C3 /* Frameworks */ = {
			isa = PBXGroup;
			children = (
			);
			name = Frameworks;
			sourceTree = "<group>";
		};
		30680EA42A74F82C0028A7C3 /* Packages */ = {
			isa = PBXGroup;
			children = (
				30680EA52A74F82C0028A7C3 /* JannahAPI */,
			);
			name = Packages;
			sourceTree = "<group>";
		};
		3068B5CB2A74042300F33F54 = {
			isa = PBXGroup;
			children = (
				30680EA42A74F82C0028A7C3 /* Packages */,
				3068B6102A742BF800F33F54 /* graphql */,
				3068B60E2A741BF700F33F54 /* apollo-codegen-config.json */,
				3068B5D62A74042300F33F54 /* Jannah */,
				3068B5E72A74042400F33F54 /* JannahTests */,
				3068B5F12A74042400F33F54 /* JannahUITests */,
				3068B5D52A74042300F33F54 /* Products */,
				30680EA12A74D3360028A7C3 /* Frameworks */,
			);
			sourceTree = "<group>";
		};
		3068B5D52A74042300F33F54 /* Products */ = {
			isa = PBXGroup;
			children = (
				3068B5D42A74042300F33F54 /* Jannah.app */,
				3068B5E42A74042400F33F54 /* JannahTests.xctest */,
				3068B5EE2A74042400F33F54 /* JannahUITests.xctest */,
			);
			name = Products;
			sourceTree = "<group>";
		};
		3068B5D62A74042300F33F54 /* Jannah */ = {
			isa = PBXGroup;
			children = (
				3068B5D72A74042300F33F54 /* JannahApp.swift */,
				3068B5D92A74042300F33F54 /* ContentView.swift */,
				3068B5DB2A74042400F33F54 /* Assets.xcassets */,
				3068B5DD2A74042400F33F54 /* Preview Content */,
			);
			path = Jannah;
			sourceTree = "<group>";
		};
		3068B5DD2A74042400F33F54 /* Preview Content */ = {
			isa = PBXGroup;
			children = (
				3068B5DE2A74042400F33F54 /* Preview Assets.xcassets */,
			);
			path = "Preview Content";
			sourceTree = "<group>";
		};
		3068B5E72A74042400F33F54 /* JannahTests */ = {
			isa = PBXGroup;
			children = (
				3068B5E82A74042400F33F54 /* JannahTests.swift */,
			);
			path = JannahTests;
			sourceTree = "<group>";
		};
		3068B5F12A74042400F33F54 /* JannahUITests */ = {
			isa = PBXGroup;
			children = (
				3068B5F22A74042400F33F54 /* JannahUITests.swift */,
				3068B5F42A74042400F33F54 /* JannahUITestsLaunchTests.swift */,
			);
			path = JannahUITests;
			sourceTree = "<group>";
		};
/* End PBXGroup section */

/* Begin PBXNativeTarget section */
		3068B5D32A74042300F33F54 /* Jannah */ = {
			isa = PBXNativeTarget;
			buildConfigurationList = 3068B5F82A74042400F33F54 /* Build configuration list for PBXNativeTarget "Jannah" */;
			buildPhases = (
				3068B5D02A74042300F33F54 /* Sources */,
				3068B5D12A74042300F33F54 /* Frameworks */,
				3068B5D22A74042300F33F54 /* Resources */,
			);
			buildRules = (
			);
			dependencies = (
			);
			name = Jannah;
			packageProductDependencies = (
				3068B6022A74068600F33F54 /* Apollo */,
				3068B6042A74068600F33F54 /* ApolloAPI */,
				3068B6062A74068600F33F54 /* ApolloCodegenLib */,
				3068B6082A74068600F33F54 /* ApolloSQLite */,
				3068B60A2A74068600F33F54 /* ApolloTestSupport */,
				3068B60C2A74068600F33F54 /* ApolloWebSocket */,
				30680EA62A74F83C0028A7C3 /* JannahAPI */,
			);
			productName = Jannah;
			productReference = 3068B5D42A74042300F33F54 /* Jannah.app */;
			productType = "com.apple.product-type.application";
		};
		3068B5E32A74042400F33F54 /* JannahTests */ = {
			isa = PBXNativeTarget;
			buildConfigurationList = 3068B5FB2A74042400F33F54 /* Build configuration list for PBXNativeTarget "JannahTests" */;
			buildPhases = (
				3068B5E02A74042400F33F54 /* Sources */,
				3068B5E12A74042400F33F54 /* Frameworks */,
				3068B5E22A74042400F33F54 /* Resources */,
			);
			buildRules = (
			);
			dependencies = (
				3068B5E62A74042400F33F54 /* PBXTargetDependency */,
			);
			name = JannahTests;
			productName = JannahTests;
			productReference = 3068B5E42A74042400F33F54 /* JannahTests.xctest */;
			productType = "com.apple.product-type.bundle.unit-test";
		};
		3068B5ED2A74042400F33F54 /* JannahUITests */ = {
			isa = PBXNativeTarget;
			buildConfigurationList = 3068B5FE2A74042400F33F54 /* Build configuration list for PBXNativeTarget "JannahUITests" */;
			buildPhases = (
				3068B5EA2A74042400F33F54 /* Sources */,
				3068B5EB2A74042400F33F54 /* Frameworks */,
				3068B5EC2A74042400F33F54 /* Resources */,
			);
			buildRules = (
			);
			dependencies = (
				3068B5F02A74042400F33F54 /* PBXTargetDependency */,
			);
			name = JannahUITests;
			productName = JannahUITests;
			productReference = 3068B5EE2A74042400F33F54 /* JannahUITests.xctest */;
			productType = "com.apple.product-type.bundle.ui-testing";
		};
/* End PBXNativeTarget section */

/* Begin PBXProject section */
		3068B5CC2A74042300F33F54 /* Project object */ = {
			isa = PBXProject;
			attributes = {
				BuildIndependentTargetsInParallel = 1;
				LastSwiftUpdateCheck = 1430;
				LastUpgradeCheck = 1430;
				TargetAttributes = {
					3068B5D32A74042300F33F54 = {
						CreatedOnToolsVersion = 14.3;
					};
					3068B5E32A74042400F33F54 = {
						CreatedOnToolsVersion = 14.3;
						TestTargetID = 3068B5D32A74042300F33F54;
					};
					3068B5ED2A74042400F33F54 = {
						CreatedOnToolsVersion = 14.3;
						TestTargetID = 3068B5D32A74042300F33F54;
					};
				};
			};
			buildConfigurationList = 3068B5CF2A74042300F33F54 /* Build configuration list for PBXProject "Jannah" */;
			compatibilityVersion = "Xcode 14.0";
			developmentRegion = en;
			hasScannedForEncodings = 0;
			knownRegions = (
				en,
				Base,
			);
			mainGroup = 3068B5CB2A74042300F33F54;
			packageReferences = (
				3068B6012A74068600F33F54 /* XCRemoteSwiftPackageReference "apollo-ios" */,
			);
			productRefGroup = 3068B5D52A74042300F33F54 /* Products */;
			projectDirPath = "";
			projectRoot = "";
			targets = (
				3068B5D32A74042300F33F54 /* Jannah */,
				3068B5E32A74042400F33F54 /* JannahTests */,
				3068B5ED2A74042400F33F54 /* JannahUITests */,
			);
		};
/* End PBXProject section */

/* Begin PBXResourcesBuildPhase section */
		3068B5D22A74042300F33F54 /* Resources */ = {
			isa = PBXResourcesBuildPhase;
			buildActionMask = 2147483647;
			files = (
				3068B60F2A741BF700F33F54 /* apollo-codegen-config.json in Resources */,
				3068B5DF2A74042400F33F54 /* Preview Assets.xcassets in Resources */,
				3068B6112A742BF800F33F54 /* graphql in Resources */,
				3068B5DC2A74042400F33F54 /* Assets.xcassets in Resources */,
			);
			runOnlyForDeploymentPostprocessing = 0;
		};
		3068B5E22A74042400F33F54 /* Resources */ = {
			isa = PBXResourcesBuildPhase;
			buildActionMask = 2147483647;
			files = (
			);
			runOnlyForDeploymentPostprocessing = 0;
		};
		3068B5EC2A74042400F33F54 /* Resources */ = {
			isa = PBXResourcesBuildPhase;
			buildActionMask = 2147483647;
			files = (
			);
			runOnlyForDeploymentPostprocessing = 0;
		};
/* End PBXResourcesBuildPhase section */

/* Begin PBXSourcesBuildPhase section */
		3068B5D02A74042300F33F54 /* Sources */ = {
			isa = PBXSourcesBuildPhase;
			buildActionMask = 2147483647;
			files = (
				3068B5DA2A74042300F33F54 /* ContentView.swift in Sources */,
				3068B5D82A74042300F33F54 /* JannahApp.swift in Sources */,
			);
			runOnlyForDeploymentPostprocessing = 0;
		};
		3068B5E02A74042400F33F54 /* Sources */ = {
			isa = PBXSourcesBuildPhase;
			buildActionMask = 2147483647;
			files = (
				3068B5E92A74042400F33F54 /* JannahTests.swift in Sources */,
			);
			runOnlyForDeploymentPostprocessing = 0;
		};
		3068B5EA2A74042400F33F54 /* Sources */ = {
			isa = PBXSourcesBuildPhase;
			buildActionMask = 2147483647;
			files = (
				3068B5F52A74042400F33F54 /* JannahUITestsLaunchTests.swift in Sources */,
				3068B5F32A74042400F33F54 /* JannahUITests.swift in Sources */,
			);
			runOnlyForDeploymentPostprocessing = 0;
		};
/* End PBXSourcesBuildPhase section */

/* Begin PBXTargetDependency section */
		3068B5E62A74042400F33F54 /* PBXTargetDependency */ = {
			isa = PBXTargetDependency;
			target = 3068B5D32A74042300F33F54 /* Jannah */;
			targetProxy = 3068B5E52A74042400F33F54 /* PBXContainerItemProxy */;
		};
		3068B5F02A74042400F33F54 /* PBXTargetDependency */ = {
			isa = PBXTargetDependency;
			target = 3068B5D32A74042300F33F54 /* Jannah */;
			targetProxy = 3068B5EF2A74042400F33F54 /* PBXContainerItemProxy */;
		};
/* End PBXTargetDependency section */

/* Begin XCBuildConfiguration section */
		3068B5F62A74042400F33F54 /* Debug */ = {
			isa = XCBuildConfiguration;
			buildSettings = {
				ALWAYS_SEARCH_USER_PATHS = NO;
				CLANG_ANALYZER_NONNULL = YES;
				CLANG_ANALYZER_NUMBER_OBJECT_CONVERSION = YES_AGGRESSIVE;
				CLANG_CXX_LANGUAGE_STANDARD = "gnu++20";
				CLANG_ENABLE_MODULES = YES;
				CLANG_ENABLE_OBJC_ARC = YES;
				CLANG_ENABLE_OBJC_WEAK = YES;
				CLANG_WARN_BLOCK_CAPTURE_AUTORELEASING = YES;
				CLANG_WARN_BOOL_CONVERSION = YES;
				CLANG_WARN_COMMA = YES;
				CLANG_WARN_CONSTANT_CONVERSION = YES;
				CLANG_WARN_DEPRECATED_OBJC_IMPLEMENTATIONS = YES;
				CLANG_WARN_DIRECT_OBJC_ISA_USAGE = YES_ERROR;
				CLANG_WARN_DOCUMENTATION_COMMENTS = YES;
				CLANG_WARN_EMPTY_BODY = YES;
				CLANG_WARN_ENUM_CONVERSION = YES;
				CLANG_WARN_INFINITE_RECURSION = YES;
				CLANG_WARN_INT_CONVERSION = YES;
				CLANG_WARN_NON_LITERAL_NULL_CONVERSION = YES;
				CLANG_WARN_OBJC_IMPLICIT_RETAIN_SELF = YES;
				CLANG_WARN_OBJC_LITERAL_CONVERSION = YES;
				CLANG_WARN_OBJC_ROOT_CLASS = YES_ERROR;
				CLANG_WARN_QUOTED_INCLUDE_IN_FRAMEWORK_HEADER = YES;
				CLANG_WARN_RANGE_LOOP_ANALYSIS = YES;
				CLANG_WARN_STRICT_PROTOTYPES = YES;
				CLANG_WARN_SUSPICIOUS_MOVE = YES;
				CLANG_WARN_UNGUARDED_AVAILABILITY = YES_AGGRESSIVE;
				CLANG_WARN_UNREACHABLE_CODE = YES;
				CLANG_WARN__DUPLICATE_METHOD_MATCH = YES;
				COPY_PHASE_STRIP = NO;
				DEBUG_INFORMATION_FORMAT = dwarf;
				ENABLE_STRICT_OBJC_MSGSEND = YES;
				ENABLE_TESTABILITY = YES;
				GCC_C_LANGUAGE_STANDARD = gnu11;
				GCC_DYNAMIC_NO_PIC = NO;
				GCC_NO_COMMON_BLOCKS = YES;
				GCC_OPTIMIZATION_LEVEL = 0;
				GCC_PREPROCESSOR_DEFINITIONS = (
					"DEBUG=1",
					"$(inherited)",
				);
				GCC_WARN_64_TO_32_BIT_CONVERSION = YES;
				GCC_WARN_ABOUT_RETURN_TYPE = YES_ERROR;
				GCC_WARN_UNDECLARED_SELECTOR = YES;
				GCC_WARN_UNINITIALIZED_AUTOS = YES_AGGRESSIVE;
				GCC_WARN_UNUSED_FUNCTION = YES;
				GCC_WARN_UNUSED_VARIABLE = YES;
				IPHONEOS_DEPLOYMENT_TARGET = 16.4;
				MTL_ENABLE_DEBUG_INFO = INCLUDE_SOURCE;
				MTL_FAST_MATH = YES;
				ONLY_ACTIVE_ARCH = YES;
				SDKROOT = iphoneos;
				SWIFT_ACTIVE_COMPILATION_CONDITIONS = DEBUG;
				SWIFT_OPTIMIZATION_LEVEL = "-Onone";
			};
			name = Debug;
		};
		3068B5F72A74042400F33F54 /* Release */ = {
			isa = XCBuildConfiguration;
			buildSettings = {
				ALWAYS_SEARCH_USER_PATHS = NO;
				CLANG_ANALYZER_NONNULL = YES;
				CLANG_ANALYZER_NUMBER_OBJECT_CONVERSION = YES_AGGRESSIVE;
				CLANG_CXX_LANGUAGE_STANDARD = "gnu++20";
				CLANG_ENABLE_MODULES = YES;
				CLANG_ENABLE_OBJC_ARC = YES;
				CLANG_ENABLE_OBJC_WEAK = YES;
				CLANG_WARN_BLOCK_CAPTURE_AUTORELEASING = YES;
				CLANG_WARN_BOOL_CONVERSION = YES;
				CLANG_WARN_COMMA = YES;
				CLANG_WARN_CONSTANT_CONVERSION = YES;
				CLANG_WARN_DEPRECATED_OBJC_IMPLEMENTATIONS = YES;
				CLANG_WARN_DIRECT_OBJC_ISA_USAGE = YES_ERROR;
				CLANG_WARN_DOCUMENTATION_COMMENTS = YES;
				CLANG_WARN_EMPTY_BODY = YES;
				CLANG_WARN_ENUM_CONVERSION = YES;
				CLANG_WARN_INFINITE_RECURSION = YES;
				CLANG_WARN_INT_CONVERSION = YES;
				CLANG_WARN_NON_LITERAL_NULL_CONVERSION = YES;
				CLANG_WARN_OBJC_IMPLICIT_RETAIN_SELF = YES;
				CLANG_WARN_OBJC_LITERAL_CONVERSION = YES;
				CLANG_WARN_OBJC_ROOT_CLASS = YES_ERROR;
				CLANG_WARN_QUOTED_INCLUDE_IN_FRAMEWORK_HEADER = YES;
				CLANG_WARN_RANGE_LOOP_ANALYSIS = YES;
				CLANG_WARN_STRICT_PROTOTYPES = YES;
				CLANG_WARN_SUSPICIOUS_MOVE = YES;
				CLANG_WARN_UNGUARDED_AVAILABILITY = YES_AGGRESSIVE;
				CLANG_WARN_UNREACHABLE_CODE = YES;
				CLANG_WARN__DUPLICATE_METHOD_MATCH = YES;
				COPY_PHASE_STRIP = NO;
				DEBUG_INFORMATION_FORMAT = "dwarf-with-dsym";
				ENABLE_NS_ASSERTIONS = NO;
				ENABLE_STRICT_OBJC_MSGSEND = YES;
				GCC_C_LANGUAGE_STANDARD = gnu11;
				GCC_NO_COMMON_BLOCKS = YES;
				GCC_WARN_64_TO_32_BIT_CONVERSION = YES;
				GCC_WARN_ABOUT_RETURN_TYPE = YES_ERROR;
				GCC_WARN_UNDECLARED_SELECTOR = YES;
				GCC_WARN_UNINITIALIZED_AUTOS = YES_AGGRESSIVE;
				GCC_WARN_UNUSED_FUNCTION = YES;
				GCC_WARN_UNUSED_VARIABLE = YES;
				IPHONEOS_DEPLOYMENT_TARGET = 16.4;
				MTL_ENABLE_DEBUG_INFO = NO;
				MTL_FAST_MATH = YES;
				SDKROOT = iphoneos;
				SWIFT_COMPILATION_MODE = wholemodule;
				SWIFT_OPTIMIZATION_LEVEL = "-O";
				VALIDATE_PRODUCT = YES;
			};
			name = Release;
		};
		3068B5F92A74042400F33F54 /* Debug */ = {
			isa = XCBuildConfiguration;
			buildSettings = {
				ASSETCATALOG_COMPILER_APPICON_NAME = AppIcon;
				ASSETCATALOG_COMPILER_GLOBAL_ACCENT_COLOR_NAME = AccentColor;
				CODE_SIGN_STYLE = Automatic;
				CURRENT_PROJECT_VERSION = 1;
				DEVELOPMENT_ASSET_PATHS = "\"Jannah/Preview Content\"";
				DEVELOPMENT_TEAM = L4GBN653F8;
				ENABLE_PREVIEWS = YES;
				GENERATE_INFOPLIST_FILE = YES;
				INFOPLIST_KEY_UIApplicationSceneManifest_Generation = YES;
				INFOPLIST_KEY_UIApplicationSupportsIndirectInputEvents = YES;
				INFOPLIST_KEY_UILaunchScreen_Generation = YES;
				INFOPLIST_KEY_UISupportedInterfaceOrientations_iPad = "UIInterfaceOrientationPortrait UIInterfaceOrientationPortraitUpsideDown UIInterfaceOrientationLandscapeLeft UIInterfaceOrientationLandscapeRight";
				INFOPLIST_KEY_UISupportedInterfaceOrientations_iPhone = "UIInterfaceOrientationPortrait UIInterfaceOrientationLandscapeLeft UIInterfaceOrientationLandscapeRight";
				LD_RUNPATH_SEARCH_PATHS = (
					"$(inherited)",
					"@executable_path/Frameworks",
				);
				MARKETING_VERSION = 1.0;
				PRODUCT_BUNDLE_IDENTIFIER = io.jannah.Jannah;
				PRODUCT_NAME = "$(TARGET_NAME)";
				SWIFT_EMIT_LOC_STRINGS = YES;
				SWIFT_VERSION = 5.0;
				TARGETED_DEVICE_FAMILY = "1,2";
			};
			name = Debug;
		};
		3068B5FA2A74042400F33F54 /* Release */ = {
			isa = XCBuildConfiguration;
			buildSettings = {
				ASSETCATALOG_COMPILER_APPICON_NAME = AppIcon;
				ASSETCATALOG_COMPILER_GLOBAL_ACCENT_COLOR_NAME = AccentColor;
				CODE_SIGN_STYLE = Automatic;
				CURRENT_PROJECT_VERSION = 1;
				DEVELOPMENT_ASSET_PATHS = "\"Jannah/Preview Content\"";
				DEVELOPMENT_TEAM = L4GBN653F8;
				ENABLE_PREVIEWS = YES;
				GENERATE_INFOPLIST_FILE = YES;
				INFOPLIST_KEY_UIApplicationSceneManifest_Generation = YES;
				INFOPLIST_KEY_UIApplicationSupportsIndirectInputEvents = YES;
				INFOPLIST_KEY_UILaunchScreen_Generation = YES;
				INFOPLIST_KEY_UISupportedInterfaceOrientations_iPad = "UIInterfaceOrientationPortrait UIInterfaceOrientationPortraitUpsideDown UIInterfaceOrientationLandscapeLeft UIInterfaceOrientationLandscapeRight";
				INFOPLIST_KEY_UISupportedInterfaceOrientations_iPhone = "UIInterfaceOrientationPortrait UIInterfaceOrientationLandscapeLeft UIInterfaceOrientationLandscapeRight";
				LD_RUNPATH_SEARCH_PATHS = (
					"$(inherited)",
					"@executable_path/Frameworks",
				);
				MARKETING_VERSION = 1.0;
				PRODUCT_BUNDLE_IDENTIFIER = io.jannah.Jannah;
				PRODUCT_NAME = "$(TARGET_NAME)";
				SWIFT_EMIT_LOC_STRINGS = YES;
				SWIFT_VERSION = 5.0;
				TARGETED_DEVICE_FAMILY = "1,2";
			};
			name = Release;
		};
		3068B5FC2A74042400F33F54 /* Debug */ = {
			isa = XCBuildConfiguration;
			buildSettings = {
				ALWAYS_EMBED_SWIFT_STANDARD_LIBRARIES = YES;
				BUNDLE_LOADER = "$(TEST_HOST)";
				CODE_SIGN_STYLE = Automatic;
				CURRENT_PROJECT_VERSION = 1;
				DEVELOPMENT_TEAM = L4GBN653F8;
				GENERATE_INFOPLIST_FILE = YES;
				IPHONEOS_DEPLOYMENT_TARGET = 16.4;
				MARKETING_VERSION = 1.0;
				PRODUCT_BUNDLE_IDENTIFIER = io.jannah.JannahTests;
				PRODUCT_NAME = "$(TARGET_NAME)";
				SWIFT_EMIT_LOC_STRINGS = NO;
				SWIFT_VERSION = 5.0;
				TARGETED_DEVICE_FAMILY = "1,2";
				TEST_HOST = "$(BUILT_PRODUCTS_DIR)/Jannah.app/$(BUNDLE_EXECUTABLE_FOLDER_PATH)/Jannah";
			};
			name = Debug;
		};
		3068B5FD2A74042400F33F54 /* Release */ = {
			isa = XCBuildConfiguration;
			buildSettings = {
				ALWAYS_EMBED_SWIFT_STANDARD_LIBRARIES = YES;
				BUNDLE_LOADER = "$(TEST_HOST)";
				CODE_SIGN_STYLE = Automatic;
				CURRENT_PROJECT_VERSION = 1;
				DEVELOPMENT_TEAM = L4GBN653F8;
				GENERATE_INFOPLIST_FILE = YES;
				IPHONEOS_DEPLOYMENT_TARGET = 16.4;
				MARKETING_VERSION = 1.0;
				PRODUCT_BUNDLE_IDENTIFIER = io.jannah.JannahTests;
				PRODUCT_NAME = "$(TARGET_NAME)";
				SWIFT_EMIT_LOC_STRINGS = NO;
				SWIFT_VERSION = 5.0;
				TARGETED_DEVICE_FAMILY = "1,2";
				TEST_HOST = "$(BUILT_PRODUCTS_DIR)/Jannah.app/$(BUNDLE_EXECUTABLE_FOLDER_PATH)/Jannah";
			};
			name = Release;
		};
		3068B5FF2A74042400F33F54 /* Debug */ = {
			isa = XCBuildConfiguration;
			buildSettings = {
				ALWAYS_EMBED_SWIFT_STANDARD_LIBRARIES = YES;
				CODE_SIGN_STYLE = Automatic;
				CURRENT_PROJECT_VERSION = 1;
				DEVELOPMENT_TEAM = L4GBN653F8;
				GENERATE_INFOPLIST_FILE = YES;
				MARKETING_VERSION = 1.0;
				PRODUCT_BUNDLE_IDENTIFIER = io.jannah.JannahUITests;
				PRODUCT_NAME = "$(TARGET_NAME)";
				SWIFT_EMIT_LOC_STRINGS = NO;
				SWIFT_VERSION = 5.0;
				TARGETED_DEVICE_FAMILY = "1,2";
				TEST_TARGET_NAME = Jannah;
			};
			name = Debug;
		};
		3068B6002A74042400F33F54 /* Release */ = {
			isa = XCBuildConfiguration;
			buildSettings = {
				ALWAYS_EMBED_SWIFT_STANDARD_LIBRARIES = YES;
				CODE_SIGN_STYLE = Automatic;
				CURRENT_PROJECT_VERSION = 1;
				DEVELOPMENT_TEAM = L4GBN653F8;
				GENERATE_INFOPLIST_FILE = YES;
				MARKETING_VERSION = 1.0;
				PRODUCT_BUNDLE_IDENTIFIER = io.jannah.JannahUITests;
				PRODUCT_NAME = "$(TARGET_NAME)";
				SWIFT_EMIT_LOC_STRINGS = NO;
				SWIFT_VERSION = 5.0;
				TARGETED_DEVICE_FAMILY = "1,2";
				TEST_TARGET_NAME = Jannah;
			};
			name = Release;
		};
/* End XCBuildConfiguration section */

/* Begin XCConfigurationList section */
		3068B5CF2A74042300F33F54 /* Build configuration list for PBXProject "Jannah" */ = {
			isa = XCConfigurationList;
			buildConfigurations = (
				3068B5F62A74042400F33F54 /* Debug */,
				3068B5F72A74042400F33F54 /* Release */,
			);
			defaultConfigurationIsVisible = 0;
			defaultConfigurationName = Release;
		};
		3068B5F82A74042400F33F54 /* Build configuration list for PBXNativeTarget "Jannah" */ = {
			isa = XCConfigurationList;
			buildConfigurations = (
				3068B5F92A74042400F33F54 /* Debug */,
				3068B5FA2A74042400F33F54 /* Release */,
			);
			defaultConfigurationIsVisible = 0;
			defaultConfigurationName = Release;
		};
		3068B5FB2A74042400F33F54 /* Build configuration list for PBXNativeTarget "JannahTests" */ = {
			isa = XCConfigurationList;
			buildConfigurations = (
				3068B5FC2A74042400F33F54 /* Debug */,
				3068B5FD2A74042400F33F54 /* Release */,
			);
			defaultConfigurationIsVisible = 0;
			defaultConfigurationName = Release;
		};
		3068B5FE2A74042400F33F54 /* Build configuration list for PBXNativeTarget "JannahUITests" */ = {
			isa = XCConfigurationList;
			buildConfigurations = (
				3068B5FF2A74042400F33F54 /* Debug */,
				3068B6002A74042400F33F54 /* Release */,
			);
			defaultConfigurationIsVisible = 0;
			defaultConfigurationName = Release;
		};
/* End XCConfigurationList section */

/* Begin XCRemoteSwiftPackageReference section */
		3068B6012A74068600F33F54 /* XCRemoteSwiftPackageReference "apollo-ios" */ = {
			isa = XCRemoteSwiftPackageReference;
			repositoryURL = "https://github.com/apollographql/apollo-ios.git";
			requirement = {
				kind = upToNextMinorVersion;
				minimumVersion = 1.3.2;
			};
		};
/* End XCRemoteSwiftPackageReference section */

/* Begin XCSwiftPackageProductDependency section */
		30680EA62A74F83C0028A7C3 /* JannahAPI */ = {
			isa = XCSwiftPackageProductDependency;
			productName = JannahAPI;
		};
		3068B6022A74068600F33F54 /* Apollo */ = {
			isa = XCSwiftPackageProductDependency;
			package = 3068B6012A74068600F33F54 /* XCRemoteSwiftPackageReference "apollo-ios" */;
			productName = Apollo;
		};
		3068B6042A74068600F33F54 /* ApolloAPI */ = {
			isa = XCSwiftPackageProductDependency;
			package = 3068B6012A74068600F33F54 /* XCRemoteSwiftPackageReference "apollo-ios" */;
			productName = ApolloAPI;
		};
		3068B6062A74068600F33F54 /* ApolloCodegenLib */ = {
			isa = XCSwiftPackageProductDependency;
			package = 3068B6012A74068600F33F54 /* XCRemoteSwiftPackageReference "apollo-ios" */;
			productName = ApolloCodegenLib;
		};
		3068B6082A74068600F33F54 /* ApolloSQLite */ = {
			isa = XCSwiftPackageProductDependency;
			package = 3068B6012A74068600F33F54 /* XCRemoteSwiftPackageReference "apollo-ios" */;
			productName = ApolloSQLite;
		};
		3068B60A2A74068600F33F54 /* ApolloTestSupport */ = {
			isa = XCSwiftPackageProductDependency;
			package = 3068B6012A74068600F33F54 /* XCRemoteSwiftPackageReference "apollo-ios" */;
			productName = ApolloTestSupport;
		};
		3068B60C2A74068600F33F54 /* ApolloWebSocket */ = {
			isa = XCSwiftPackageProductDependency;
			package = 3068B6012A74068600F33F54 /* XCRemoteSwiftPackageReference "apollo-ios" */;
			productName = ApolloWebSocket;
		};
/* End XCSwiftPackageProductDependency section */
	};
	rootObject = 3068B5CC2A74042300F33F54 /* Project object */;
}
