// !$*UTF8*$!
{
	archiveVersion = 1;
	classes = {
	};
	objectVersion = 56;
	objects = {

/* Begin PBXBuildFile section */
		3013480A2A33D41C00ECD52A /* JannahApp.swift in Sources */ = {isa = PBXBuildFile; fileRef = 301348092A33D41C00ECD52A /* JannahApp.swift */; };
		3013480C2A33D41C00ECD52A /* ContentView.swift in Sources */ = {isa = PBXBuildFile; fileRef = 3013480B2A33D41C00ECD52A /* ContentView.swift */; };
		3013480E2A33D41D00ECD52A /* Assets.xcassets in Resources */ = {isa = PBXBuildFile; fileRef = 3013480D2A33D41D00ECD52A /* Assets.xcassets */; };
		301348122A33D41D00ECD52A /* Preview Assets.xcassets in Resources */ = {isa = PBXBuildFile; fileRef = 301348112A33D41D00ECD52A /* Preview Assets.xcassets */; };
		3013481C2A33D41D00ECD52A /* JannahTests.swift in Sources */ = {isa = PBXBuildFile; fileRef = 3013481B2A33D41D00ECD52A /* JannahTests.swift */; };
		301348262A33D41D00ECD52A /* JannahUITests.swift in Sources */ = {isa = PBXBuildFile; fileRef = 301348252A33D41D00ECD52A /* JannahUITests.swift */; };
		301348282A33D41D00ECD52A /* JannahUITestsLaunchTests.swift in Sources */ = {isa = PBXBuildFile; fileRef = 301348272A33D41D00ECD52A /* JannahUITestsLaunchTests.swift */; };
		306878A32A37C4E100A53CB4 /* CircleImage.swift in Sources */ = {isa = PBXBuildFile; fileRef = 306878A22A37C4E100A53CB4 /* CircleImage.swift */; };
		306878A52A37CD9D00A53CB4 /* MapView.swift in Sources */ = {isa = PBXBuildFile; fileRef = 306878A42A37CD9D00A53CB4 /* MapView.swift */; };
/* End PBXBuildFile section */

/* Begin PBXContainerItemProxy section */
		301348182A33D41D00ECD52A /* PBXContainerItemProxy */ = {
			isa = PBXContainerItemProxy;
			containerPortal = 301347FE2A33D41C00ECD52A /* Project object */;
			proxyType = 1;
			remoteGlobalIDString = 301348052A33D41C00ECD52A;
			remoteInfo = Jannah;
		};
		301348222A33D41D00ECD52A /* PBXContainerItemProxy */ = {
			isa = PBXContainerItemProxy;
			containerPortal = 301347FE2A33D41C00ECD52A /* Project object */;
			proxyType = 1;
			remoteGlobalIDString = 301348052A33D41C00ECD52A;
			remoteInfo = Jannah;
		};
/* End PBXContainerItemProxy section */

/* Begin PBXFileReference section */
		301348062A33D41C00ECD52A /* Jannah.app */ = {isa = PBXFileReference; explicitFileType = wrapper.application; includeInIndex = 0; path = Jannah.app; sourceTree = BUILT_PRODUCTS_DIR; };
		301348092A33D41C00ECD52A /* JannahApp.swift */ = {isa = PBXFileReference; lastKnownFileType = sourcecode.swift; path = JannahApp.swift; sourceTree = "<group>"; };
		3013480B2A33D41C00ECD52A /* ContentView.swift */ = {isa = PBXFileReference; lastKnownFileType = sourcecode.swift; path = ContentView.swift; sourceTree = "<group>"; };
		3013480D2A33D41D00ECD52A /* Assets.xcassets */ = {isa = PBXFileReference; lastKnownFileType = folder.assetcatalog; path = Assets.xcassets; sourceTree = "<group>"; };
		3013480F2A33D41D00ECD52A /* Jannah.entitlements */ = {isa = PBXFileReference; lastKnownFileType = text.plist.entitlements; path = Jannah.entitlements; sourceTree = "<group>"; };
		301348112A33D41D00ECD52A /* Preview Assets.xcassets */ = {isa = PBXFileReference; lastKnownFileType = folder.assetcatalog; path = "Preview Assets.xcassets"; sourceTree = "<group>"; };
		301348172A33D41D00ECD52A /* JannahTests.xctest */ = {isa = PBXFileReference; explicitFileType = wrapper.cfbundle; includeInIndex = 0; path = JannahTests.xctest; sourceTree = BUILT_PRODUCTS_DIR; };
		3013481B2A33D41D00ECD52A /* JannahTests.swift */ = {isa = PBXFileReference; lastKnownFileType = sourcecode.swift; path = JannahTests.swift; sourceTree = "<group>"; };
		301348212A33D41D00ECD52A /* JannahUITests.xctest */ = {isa = PBXFileReference; explicitFileType = wrapper.cfbundle; includeInIndex = 0; path = JannahUITests.xctest; sourceTree = BUILT_PRODUCTS_DIR; };
		301348252A33D41D00ECD52A /* JannahUITests.swift */ = {isa = PBXFileReference; lastKnownFileType = sourcecode.swift; path = JannahUITests.swift; sourceTree = "<group>"; };
		301348272A33D41D00ECD52A /* JannahUITestsLaunchTests.swift */ = {isa = PBXFileReference; lastKnownFileType = sourcecode.swift; path = JannahUITestsLaunchTests.swift; sourceTree = "<group>"; };
		306878A22A37C4E100A53CB4 /* CircleImage.swift */ = {isa = PBXFileReference; lastKnownFileType = sourcecode.swift; path = CircleImage.swift; sourceTree = "<group>"; };
		306878A42A37CD9D00A53CB4 /* MapView.swift */ = {isa = PBXFileReference; lastKnownFileType = sourcecode.swift; path = MapView.swift; sourceTree = "<group>"; };
/* End PBXFileReference section */

/* Begin PBXFrameworksBuildPhase section */
		301348032A33D41C00ECD52A /* Frameworks */ = {
			isa = PBXFrameworksBuildPhase;
			buildActionMask = 2147483647;
			files = (
			);
			runOnlyForDeploymentPostprocessing = 0;
		};
		301348142A33D41D00ECD52A /* Frameworks */ = {
			isa = PBXFrameworksBuildPhase;
			buildActionMask = 2147483647;
			files = (
			);
			runOnlyForDeploymentPostprocessing = 0;
		};
		3013481E2A33D41D00ECD52A /* Frameworks */ = {
			isa = PBXFrameworksBuildPhase;
			buildActionMask = 2147483647;
			files = (
			);
			runOnlyForDeploymentPostprocessing = 0;
		};
/* End PBXFrameworksBuildPhase section */

/* Begin PBXGroup section */
		301347FD2A33D41C00ECD52A = {
			isa = PBXGroup;
			children = (
				301348082A33D41C00ECD52A /* Jannah */,
				3013481A2A33D41D00ECD52A /* JannahTests */,
				301348242A33D41D00ECD52A /* JannahUITests */,
				301348072A33D41C00ECD52A /* Products */,
			);
			sourceTree = "<group>";
		};
		301348072A33D41C00ECD52A /* Products */ = {
			isa = PBXGroup;
			children = (
				301348062A33D41C00ECD52A /* Jannah.app */,
				301348172A33D41D00ECD52A /* JannahTests.xctest */,
				301348212A33D41D00ECD52A /* JannahUITests.xctest */,
			);
			name = Products;
			sourceTree = "<group>";
		};
		301348082A33D41C00ECD52A /* Jannah */ = {
			isa = PBXGroup;
			children = (
				301348092A33D41C00ECD52A /* JannahApp.swift */,
				3013480B2A33D41C00ECD52A /* ContentView.swift */,
				306878A22A37C4E100A53CB4 /* CircleImage.swift */,
				3013480D2A33D41D00ECD52A /* Assets.xcassets */,
				3013480F2A33D41D00ECD52A /* Jannah.entitlements */,
				301348102A33D41D00ECD52A /* Preview Content */,
				306878A42A37CD9D00A53CB4 /* MapView.swift */,
			);
			path = Jannah;
			sourceTree = "<group>";
		};
		301348102A33D41D00ECD52A /* Preview Content */ = {
			isa = PBXGroup;
			children = (
				301348112A33D41D00ECD52A /* Preview Assets.xcassets */,
			);
			path = "Preview Content";
			sourceTree = "<group>";
		};
		3013481A2A33D41D00ECD52A /* JannahTests */ = {
			isa = PBXGroup;
			children = (
				3013481B2A33D41D00ECD52A /* JannahTests.swift */,
			);
			path = JannahTests;
			sourceTree = "<group>";
		};
		301348242A33D41D00ECD52A /* JannahUITests */ = {
			isa = PBXGroup;
			children = (
				301348252A33D41D00ECD52A /* JannahUITests.swift */,
				301348272A33D41D00ECD52A /* JannahUITestsLaunchTests.swift */,
			);
			path = JannahUITests;
			sourceTree = "<group>";
		};
/* End PBXGroup section */

/* Begin PBXNativeTarget section */
		301348052A33D41C00ECD52A /* Jannah */ = {
			isa = PBXNativeTarget;
			buildConfigurationList = 3013482B2A33D41D00ECD52A /* Build configuration list for PBXNativeTarget "Jannah" */;
			buildPhases = (
				301348022A33D41C00ECD52A /* Sources */,
				301348032A33D41C00ECD52A /* Frameworks */,
				301348042A33D41C00ECD52A /* Resources */,
			);
			buildRules = (
			);
			dependencies = (
			);
			name = Jannah;
			productName = Jannah;
			productReference = 301348062A33D41C00ECD52A /* Jannah.app */;
			productType = "com.apple.product-type.application";
		};
		301348162A33D41D00ECD52A /* JannahTests */ = {
			isa = PBXNativeTarget;
			buildConfigurationList = 3013482E2A33D41D00ECD52A /* Build configuration list for PBXNativeTarget "JannahTests" */;
			buildPhases = (
				301348132A33D41D00ECD52A /* Sources */,
				301348142A33D41D00ECD52A /* Frameworks */,
				301348152A33D41D00ECD52A /* Resources */,
			);
			buildRules = (
			);
			dependencies = (
				301348192A33D41D00ECD52A /* PBXTargetDependency */,
			);
			name = JannahTests;
			productName = JannahTests;
			productReference = 301348172A33D41D00ECD52A /* JannahTests.xctest */;
			productType = "com.apple.product-type.bundle.unit-test";
		};
		301348202A33D41D00ECD52A /* JannahUITests */ = {
			isa = PBXNativeTarget;
			buildConfigurationList = 301348312A33D41D00ECD52A /* Build configuration list for PBXNativeTarget "JannahUITests" */;
			buildPhases = (
				3013481D2A33D41D00ECD52A /* Sources */,
				3013481E2A33D41D00ECD52A /* Frameworks */,
				3013481F2A33D41D00ECD52A /* Resources */,
			);
			buildRules = (
			);
			dependencies = (
				301348232A33D41D00ECD52A /* PBXTargetDependency */,
			);
			name = JannahUITests;
			productName = JannahUITests;
			productReference = 301348212A33D41D00ECD52A /* JannahUITests.xctest */;
			productType = "com.apple.product-type.bundle.ui-testing";
		};
/* End PBXNativeTarget section */

/* Begin PBXProject section */
		301347FE2A33D41C00ECD52A /* Project object */ = {
			isa = PBXProject;
			attributes = {
				BuildIndependentTargetsInParallel = 1;
				LastSwiftUpdateCheck = 1430;
				LastUpgradeCheck = 1430;
				TargetAttributes = {
					301348052A33D41C00ECD52A = {
						CreatedOnToolsVersion = 14.3;
					};
					301348162A33D41D00ECD52A = {
						CreatedOnToolsVersion = 14.3;
						TestTargetID = 301348052A33D41C00ECD52A;
					};
					301348202A33D41D00ECD52A = {
						CreatedOnToolsVersion = 14.3;
						TestTargetID = 301348052A33D41C00ECD52A;
					};
				};
			};
			buildConfigurationList = 301348012A33D41C00ECD52A /* Build configuration list for PBXProject "Jannah" */;
			compatibilityVersion = "Xcode 14.0";
			developmentRegion = en;
			hasScannedForEncodings = 0;
			knownRegions = (
				en,
				Base,
			);
			mainGroup = 301347FD2A33D41C00ECD52A;
			productRefGroup = 301348072A33D41C00ECD52A /* Products */;
			projectDirPath = "";
			projectRoot = "";
			targets = (
				301348052A33D41C00ECD52A /* Jannah */,
				301348162A33D41D00ECD52A /* JannahTests */,
				301348202A33D41D00ECD52A /* JannahUITests */,
			);
		};
/* End PBXProject section */

/* Begin PBXResourcesBuildPhase section */
		301348042A33D41C00ECD52A /* Resources */ = {
			isa = PBXResourcesBuildPhase;
			buildActionMask = 2147483647;
			files = (
				301348122A33D41D00ECD52A /* Preview Assets.xcassets in Resources */,
				3013480E2A33D41D00ECD52A /* Assets.xcassets in Resources */,
			);
			runOnlyForDeploymentPostprocessing = 0;
		};
		301348152A33D41D00ECD52A /* Resources */ = {
			isa = PBXResourcesBuildPhase;
			buildActionMask = 2147483647;
			files = (
			);
			runOnlyForDeploymentPostprocessing = 0;
		};
		3013481F2A33D41D00ECD52A /* Resources */ = {
			isa = PBXResourcesBuildPhase;
			buildActionMask = 2147483647;
			files = (
			);
			runOnlyForDeploymentPostprocessing = 0;
		};
/* End PBXResourcesBuildPhase section */

/* Begin PBXSourcesBuildPhase section */
		301348022A33D41C00ECD52A /* Sources */ = {
			isa = PBXSourcesBuildPhase;
			buildActionMask = 2147483647;
			files = (
				3013480C2A33D41C00ECD52A /* ContentView.swift in Sources */,
				306878A52A37CD9D00A53CB4 /* MapView.swift in Sources */,
				3013480A2A33D41C00ECD52A /* JannahApp.swift in Sources */,
				306878A32A37C4E100A53CB4 /* CircleImage.swift in Sources */,
			);
			runOnlyForDeploymentPostprocessing = 0;
		};
		301348132A33D41D00ECD52A /* Sources */ = {
			isa = PBXSourcesBuildPhase;
			buildActionMask = 2147483647;
			files = (
				3013481C2A33D41D00ECD52A /* JannahTests.swift in Sources */,
			);
			runOnlyForDeploymentPostprocessing = 0;
		};
		3013481D2A33D41D00ECD52A /* Sources */ = {
			isa = PBXSourcesBuildPhase;
			buildActionMask = 2147483647;
			files = (
				301348282A33D41D00ECD52A /* JannahUITestsLaunchTests.swift in Sources */,
				301348262A33D41D00ECD52A /* JannahUITests.swift in Sources */,
			);
			runOnlyForDeploymentPostprocessing = 0;
		};
/* End PBXSourcesBuildPhase section */

/* Begin PBXTargetDependency section */
		301348192A33D41D00ECD52A /* PBXTargetDependency */ = {
			isa = PBXTargetDependency;
			target = 301348052A33D41C00ECD52A /* Jannah */;
			targetProxy = 301348182A33D41D00ECD52A /* PBXContainerItemProxy */;
		};
		301348232A33D41D00ECD52A /* PBXTargetDependency */ = {
			isa = PBXTargetDependency;
			target = 301348052A33D41C00ECD52A /* Jannah */;
			targetProxy = 301348222A33D41D00ECD52A /* PBXContainerItemProxy */;
		};
/* End PBXTargetDependency section */

/* Begin XCBuildConfiguration section */
		301348292A33D41D00ECD52A /* Debug */ = {
			isa = XCBuildConfiguration;
			buildSettings = {
				ALWAYS_SEARCH_USER_PATHS = NO;
				CLANG_ANALYZER_NONNULL = YES;
				CLANG_ANALYZER_NUMBER_OBJECT_CONVERSION = YES_AGGRESSIVE;
				CLANG_CXX_LANGUAGE_STANDARD = "gnu++20";
				CLANG_ENABLE_MODULES = YES;
				CLANG_ENABLE_OBJC_ARC = YES;
				CLANG_ENABLE_OBJC_WEAK = YES;
				CLANG_WARN_BLOCK_CAPTURE_AUTORELEASING = YES;
				CLANG_WARN_BOOL_CONVERSION = YES;
				CLANG_WARN_COMMA = YES;
				CLANG_WARN_CONSTANT_CONVERSION = YES;
				CLANG_WARN_DEPRECATED_OBJC_IMPLEMENTATIONS = YES;
				CLANG_WARN_DIRECT_OBJC_ISA_USAGE = YES_ERROR;
				CLANG_WARN_DOCUMENTATION_COMMENTS = YES;
				CLANG_WARN_EMPTY_BODY = YES;
				CLANG_WARN_ENUM_CONVERSION = YES;
				CLANG_WARN_INFINITE_RECURSION = YES;
				CLANG_WARN_INT_CONVERSION = YES;
				CLANG_WARN_NON_LITERAL_NULL_CONVERSION = YES;
				CLANG_WARN_OBJC_IMPLICIT_RETAIN_SELF = YES;
				CLANG_WARN_OBJC_LITERAL_CONVERSION = YES;
				CLANG_WARN_OBJC_ROOT_CLASS = YES_ERROR;
				CLANG_WARN_QUOTED_INCLUDE_IN_FRAMEWORK_HEADER = YES;
				CLANG_WARN_RANGE_LOOP_ANALYSIS = YES;
				CLANG_WARN_STRICT_PROTOTYPES = YES;
				CLANG_WARN_SUSPICIOUS_MOVE = YES;
				CLANG_WARN_UNGUARDED_AVAILABILITY = YES_AGGRESSIVE;
				CLANG_WARN_UNREACHABLE_CODE = YES;
				CLANG_WARN__DUPLICATE_METHOD_MATCH = YES;
				COPY_PHASE_STRIP = NO;
				DEBUG_INFORMATION_FORMAT = dwarf;
				ENABLE_STRICT_OBJC_MSGSEND = YES;
				ENABLE_TESTABILITY = YES;
				GCC_C_LANGUAGE_STANDARD = gnu11;
				GCC_DYNAMIC_NO_PIC = NO;
				GCC_NO_COMMON_BLOCKS = YES;
				GCC_OPTIMIZATION_LEVEL = 0;
				GCC_PREPROCESSOR_DEFINITIONS = (
					"DEBUG=1",
					"$(inherited)",
				);
				GCC_WARN_64_TO_32_BIT_CONVERSION = YES;
				GCC_WARN_ABOUT_RETURN_TYPE = YES_ERROR;
				GCC_WARN_UNDECLARED_SELECTOR = YES;
				GCC_WARN_UNINITIALIZED_AUTOS = YES_AGGRESSIVE;
				GCC_WARN_UNUSED_FUNCTION = YES;
				GCC_WARN_UNUSED_VARIABLE = YES;
				MTL_ENABLE_DEBUG_INFO = INCLUDE_SOURCE;
				MTL_FAST_MATH = YES;
				ONLY_ACTIVE_ARCH = YES;
				SWIFT_ACTIVE_COMPILATION_CONDITIONS = DEBUG;
				SWIFT_OPTIMIZATION_LEVEL = "-Onone";
			};
			name = Debug;
		};
		3013482A2A33D41D00ECD52A /* Release */ = {
			isa = XCBuildConfiguration;
			buildSettings = {
				ALWAYS_SEARCH_USER_PATHS = NO;
				CLANG_ANALYZER_NONNULL = YES;
				CLANG_ANALYZER_NUMBER_OBJECT_CONVERSION = YES_AGGRESSIVE;
				CLANG_CXX_LANGUAGE_STANDARD = "gnu++20";
				CLANG_ENABLE_MODULES = YES;
				CLANG_ENABLE_OBJC_ARC = YES;
				CLANG_ENABLE_OBJC_WEAK = YES;
				CLANG_WARN_BLOCK_CAPTURE_AUTORELEASING = YES;
				CLANG_WARN_BOOL_CONVERSION = YES;
				CLANG_WARN_COMMA = YES;
				CLANG_WARN_CONSTANT_CONVERSION = YES;
				CLANG_WARN_DEPRECATED_OBJC_IMPLEMENTATIONS = YES;
				CLANG_WARN_DIRECT_OBJC_ISA_USAGE = YES_ERROR;
				CLANG_WARN_DOCUMENTATION_COMMENTS = YES;
				CLANG_WARN_EMPTY_BODY = YES;
				CLANG_WARN_ENUM_CONVERSION = YES;
				CLANG_WARN_INFINITE_RECURSION = YES;
				CLANG_WARN_INT_CONVERSION = YES;
				CLANG_WARN_NON_LITERAL_NULL_CONVERSION = YES;
				CLANG_WARN_OBJC_IMPLICIT_RETAIN_SELF = YES;
				CLANG_WARN_OBJC_LITERAL_CONVERSION = YES;
				CLANG_WARN_OBJC_ROOT_CLASS = YES_ERROR;
				CLANG_WARN_QUOTED_INCLUDE_IN_FRAMEWORK_HEADER = YES;
				CLANG_WARN_RANGE_LOOP_ANALYSIS = YES;
				CLANG_WARN_STRICT_PROTOTYPES = YES;
				CLANG_WARN_SUSPICIOUS_MOVE = YES;
				CLANG_WARN_UNGUARDED_AVAILABILITY = YES_AGGRESSIVE;
				CLANG_WARN_UNREACHABLE_CODE = YES;
				CLANG_WARN__DUPLICATE_METHOD_MATCH = YES;
				COPY_PHASE_STRIP = NO;
				DEBUG_INFORMATION_FORMAT = "dwarf-with-dsym";
				ENABLE_NS_ASSERTIONS = NO;
				ENABLE_STRICT_OBJC_MSGSEND = YES;
				GCC_C_LANGUAGE_STANDARD = gnu11;
				GCC_NO_COMMON_BLOCKS = YES;
				GCC_WARN_64_TO_32_BIT_CONVERSION = YES;
				GCC_WARN_ABOUT_RETURN_TYPE = YES_ERROR;
				GCC_WARN_UNDECLARED_SELECTOR = YES;
				GCC_WARN_UNINITIALIZED_AUTOS = YES_AGGRESSIVE;
				GCC_WARN_UNUSED_FUNCTION = YES;
				GCC_WARN_UNUSED_VARIABLE = YES;
				MTL_ENABLE_DEBUG_INFO = NO;
				MTL_FAST_MATH = YES;
				SWIFT_COMPILATION_MODE = wholemodule;
				SWIFT_OPTIMIZATION_LEVEL = "-O";
			};
			name = Release;
		};
		3013482C2A33D41D00ECD52A /* Debug */ = {
			isa = XCBuildConfiguration;
			buildSettings = {
				ASSETCATALOG_COMPILER_APPICON_NAME = AppIcon;
				ASSETCATALOG_COMPILER_GLOBAL_ACCENT_COLOR_NAME = AccentColor;
				CODE_SIGN_ENTITLEMENTS = Jannah/Jannah.entitlements;
				CODE_SIGN_STYLE = Automatic;
				CURRENT_PROJECT_VERSION = 1;
				DEVELOPMENT_ASSET_PATHS = "\"Jannah/Preview Content\"";
				DEVELOPMENT_TEAM = L4GBN653F8;
				ENABLE_HARDENED_RUNTIME = YES;
				ENABLE_PREVIEWS = YES;
				GENERATE_INFOPLIST_FILE = YES;
				"INFOPLIST_KEY_UIApplicationSceneManifest_Generation[sdk=iphoneos*]" = YES;
				"INFOPLIST_KEY_UIApplicationSceneManifest_Generation[sdk=iphonesimulator*]" = YES;
				"INFOPLIST_KEY_UIApplicationSupportsIndirectInputEvents[sdk=iphoneos*]" = YES;
				"INFOPLIST_KEY_UIApplicationSupportsIndirectInputEvents[sdk=iphonesimulator*]" = YES;
				"INFOPLIST_KEY_UILaunchScreen_Generation[sdk=iphoneos*]" = YES;
				"INFOPLIST_KEY_UILaunchScreen_Generation[sdk=iphonesimulator*]" = YES;
				"INFOPLIST_KEY_UIStatusBarStyle[sdk=iphoneos*]" = UIStatusBarStyleDefault;
				"INFOPLIST_KEY_UIStatusBarStyle[sdk=iphonesimulator*]" = UIStatusBarStyleDefault;
				INFOPLIST_KEY_UISupportedInterfaceOrientations_iPad = "UIInterfaceOrientationPortrait UIInterfaceOrientationPortraitUpsideDown UIInterfaceOrientationLandscapeLeft UIInterfaceOrientationLandscapeRight";
				INFOPLIST_KEY_UISupportedInterfaceOrientations_iPhone = "UIInterfaceOrientationPortrait UIInterfaceOrientationLandscapeLeft UIInterfaceOrientationLandscapeRight";
				IPHONEOS_DEPLOYMENT_TARGET = 16.4;
				LD_RUNPATH_SEARCH_PATHS = "@executable_path/Frameworks";
				"LD_RUNPATH_SEARCH_PATHS[sdk=macosx*]" = "@executable_path/../Frameworks";
				MACOSX_DEPLOYMENT_TARGET = 13.3;
				MARKETING_VERSION = 1.0;
				PRODUCT_BUNDLE_IDENTIFIER = io.jannah.Jannah;
				PRODUCT_NAME = "$(TARGET_NAME)";
				SDKROOT = auto;
				SUPPORTED_PLATFORMS = "iphoneos iphonesimulator macosx";
				SWIFT_EMIT_LOC_STRINGS = YES;
				SWIFT_VERSION = 5.0;
				TARGETED_DEVICE_FAMILY = "1,2";
			};
			name = Debug;
		};
		3013482D2A33D41D00ECD52A /* Release */ = {
			isa = XCBuildConfiguration;
			buildSettings = {
				ASSETCATALOG_COMPILER_APPICON_NAME = AppIcon;
				ASSETCATALOG_COMPILER_GLOBAL_ACCENT_COLOR_NAME = AccentColor;
				CODE_SIGN_ENTITLEMENTS = Jannah/Jannah.entitlements;
				CODE_SIGN_STYLE = Automatic;
				CURRENT_PROJECT_VERSION = 1;
				DEVELOPMENT_ASSET_PATHS = "\"Jannah/Preview Content\"";
				DEVELOPMENT_TEAM = L4GBN653F8;
				ENABLE_HARDENED_RUNTIME = YES;
				ENABLE_PREVIEWS = YES;
				GENERATE_INFOPLIST_FILE = YES;
				"INFOPLIST_KEY_UIApplicationSceneManifest_Generation[sdk=iphoneos*]" = YES;
				"INFOPLIST_KEY_UIApplicationSceneManifest_Generation[sdk=iphonesimulator*]" = YES;
				"INFOPLIST_KEY_UIApplicationSupportsIndirectInputEvents[sdk=iphoneos*]" = YES;
				"INFOPLIST_KEY_UIApplicationSupportsIndirectInputEvents[sdk=iphonesimulator*]" = YES;
				"INFOPLIST_KEY_UILaunchScreen_Generation[sdk=iphoneos*]" = YES;
				"INFOPLIST_KEY_UILaunchScreen_Generation[sdk=iphonesimulator*]" = YES;
				"INFOPLIST_KEY_UIStatusBarStyle[sdk=iphoneos*]" = UIStatusBarStyleDefault;
				"INFOPLIST_KEY_UIStatusBarStyle[sdk=iphonesimulator*]" = UIStatusBarStyleDefault;
				INFOPLIST_KEY_UISupportedInterfaceOrientations_iPad = "UIInterfaceOrientationPortrait UIInterfaceOrientationPortraitUpsideDown UIInterfaceOrientationLandscapeLeft UIInterfaceOrientationLandscapeRight";
				INFOPLIST_KEY_UISupportedInterfaceOrientations_iPhone = "UIInterfaceOrientationPortrait UIInterfaceOrientationLandscapeLeft UIInterfaceOrientationLandscapeRight";
				IPHONEOS_DEPLOYMENT_TARGET = 16.4;
				LD_RUNPATH_SEARCH_PATHS = "@executable_path/Frameworks";
				"LD_RUNPATH_SEARCH_PATHS[sdk=macosx*]" = "@executable_path/../Frameworks";
				MACOSX_DEPLOYMENT_TARGET = 13.3;
				MARKETING_VERSION = 1.0;
				PRODUCT_BUNDLE_IDENTIFIER = io.jannah.Jannah;
				PRODUCT_NAME = "$(TARGET_NAME)";
				SDKROOT = auto;
				SUPPORTED_PLATFORMS = "iphoneos iphonesimulator macosx";
				SWIFT_EMIT_LOC_STRINGS = YES;
				SWIFT_VERSION = 5.0;
				TARGETED_DEVICE_FAMILY = "1,2";
			};
			name = Release;
		};
		3013482F2A33D41D00ECD52A /* Debug */ = {
			isa = XCBuildConfiguration;
			buildSettings = {
				ALWAYS_EMBED_SWIFT_STANDARD_LIBRARIES = YES;
				BUNDLE_LOADER = "$(TEST_HOST)";
				CODE_SIGN_STYLE = Automatic;
				CURRENT_PROJECT_VERSION = 1;
				DEVELOPMENT_TEAM = L4GBN653F8;
				GENERATE_INFOPLIST_FILE = YES;
				IPHONEOS_DEPLOYMENT_TARGET = 16.4;
				MACOSX_DEPLOYMENT_TARGET = 13.3;
				MARKETING_VERSION = 1.0;
				PRODUCT_BUNDLE_IDENTIFIER = io.jannah.JannahTests;
				PRODUCT_NAME = "$(TARGET_NAME)";
				SDKROOT = auto;
				SUPPORTED_PLATFORMS = "iphoneos iphonesimulator macosx";
				SWIFT_EMIT_LOC_STRINGS = NO;
				SWIFT_VERSION = 5.0;
				TARGETED_DEVICE_FAMILY = "1,2";
				TEST_HOST = "$(BUILT_PRODUCTS_DIR)/Jannah.app/$(BUNDLE_EXECUTABLE_FOLDER_PATH)/Jannah";
			};
			name = Debug;
		};
		301348302A33D41D00ECD52A /* Release */ = {
			isa = XCBuildConfiguration;
			buildSettings = {
				ALWAYS_EMBED_SWIFT_STANDARD_LIBRARIES = YES;
				BUNDLE_LOADER = "$(TEST_HOST)";
				CODE_SIGN_STYLE = Automatic;
				CURRENT_PROJECT_VERSION = 1;
				DEVELOPMENT_TEAM = L4GBN653F8;
				GENERATE_INFOPLIST_FILE = YES;
				IPHONEOS_DEPLOYMENT_TARGET = 16.4;
				MACOSX_DEPLOYMENT_TARGET = 13.3;
				MARKETING_VERSION = 1.0;
				PRODUCT_BUNDLE_IDENTIFIER = io.jannah.JannahTests;
				PRODUCT_NAME = "$(TARGET_NAME)";
				SDKROOT = auto;
				SUPPORTED_PLATFORMS = "iphoneos iphonesimulator macosx";
				SWIFT_EMIT_LOC_STRINGS = NO;
				SWIFT_VERSION = 5.0;
				TARGETED_DEVICE_FAMILY = "1,2";
				TEST_HOST = "$(BUILT_PRODUCTS_DIR)/Jannah.app/$(BUNDLE_EXECUTABLE_FOLDER_PATH)/Jannah";
			};
			name = Release;
		};
		301348322A33D41D00ECD52A /* Debug */ = {
			isa = XCBuildConfiguration;
			buildSettings = {
				ALWAYS_EMBED_SWIFT_STANDARD_LIBRARIES = YES;
				CODE_SIGN_STYLE = Automatic;
				CURRENT_PROJECT_VERSION = 1;
				DEVELOPMENT_TEAM = L4GBN653F8;
				GENERATE_INFOPLIST_FILE = YES;
				IPHONEOS_DEPLOYMENT_TARGET = 16.4;
				MACOSX_DEPLOYMENT_TARGET = 13.3;
				MARKETING_VERSION = 1.0;
				PRODUCT_BUNDLE_IDENTIFIER = io.jannah.JannahUITests;
				PRODUCT_NAME = "$(TARGET_NAME)";
				SDKROOT = auto;
				SUPPORTED_PLATFORMS = "iphoneos iphonesimulator macosx";
				SWIFT_EMIT_LOC_STRINGS = NO;
				SWIFT_VERSION = 5.0;
				TARGETED_DEVICE_FAMILY = "1,2";
				TEST_TARGET_NAME = Jannah;
			};
			name = Debug;
		};
		301348332A33D41D00ECD52A /* Release */ = {
			isa = XCBuildConfiguration;
			buildSettings = {
				ALWAYS_EMBED_SWIFT_STANDARD_LIBRARIES = YES;
				CODE_SIGN_STYLE = Automatic;
				CURRENT_PROJECT_VERSION = 1;
				DEVELOPMENT_TEAM = L4GBN653F8;
				GENERATE_INFOPLIST_FILE = YES;
				IPHONEOS_DEPLOYMENT_TARGET = 16.4;
				MACOSX_DEPLOYMENT_TARGET = 13.3;
				MARKETING_VERSION = 1.0;
				PRODUCT_BUNDLE_IDENTIFIER = io.jannah.JannahUITests;
				PRODUCT_NAME = "$(TARGET_NAME)";
				SDKROOT = auto;
				SUPPORTED_PLATFORMS = "iphoneos iphonesimulator macosx";
				SWIFT_EMIT_LOC_STRINGS = NO;
				SWIFT_VERSION = 5.0;
				TARGETED_DEVICE_FAMILY = "1,2";
				TEST_TARGET_NAME = Jannah;
			};
			name = Release;
		};
/* End XCBuildConfiguration section */

/* Begin XCConfigurationList section */
		301348012A33D41C00ECD52A /* Build configuration list for PBXProject "Jannah" */ = {
			isa = XCConfigurationList;
			buildConfigurations = (
				301348292A33D41D00ECD52A /* Debug */,
				3013482A2A33D41D00ECD52A /* Release */,
			);
			defaultConfigurationIsVisible = 0;
			defaultConfigurationName = Release;
		};
		3013482B2A33D41D00ECD52A /* Build configuration list for PBXNativeTarget "Jannah" */ = {
			isa = XCConfigurationList;
			buildConfigurations = (
				3013482C2A33D41D00ECD52A /* Debug */,
				3013482D2A33D41D00ECD52A /* Release */,
			);
			defaultConfigurationIsVisible = 0;
			defaultConfigurationName = Release;
		};
		3013482E2A33D41D00ECD52A /* Build configuration list for PBXNativeTarget "JannahTests" */ = {
			isa = XCConfigurationList;
			buildConfigurations = (
				3013482F2A33D41D00ECD52A /* Debug */,
				301348302A33D41D00ECD52A /* Release */,
			);
			defaultConfigurationIsVisible = 0;
			defaultConfigurationName = Release;
		};
		301348312A33D41D00ECD52A /* Build configuration list for PBXNativeTarget "JannahUITests" */ = {
			isa = XCConfigurationList;
			buildConfigurations = (
				301348322A33D41D00ECD52A /* Debug */,
				301348332A33D41D00ECD52A /* Release */,
			);
			defaultConfigurationIsVisible = 0;
			defaultConfigurationName = Release;
		};
/* End XCConfigurationList section */
	};
	rootObject = 301347FE2A33D41C00ECD52A /* Project object */;
}
