// !$*UTF8*$!
{
	archiveVersion = 1;
	classes = {
	};
	objectVersion = 56;
	objects = {

/* Begin PBXBuildFile section */
		30680EB52A75C2E40028A7C3 /* JannahApp.swift in Sources */ = {isa = PBXBuildFile; fileRef = 30680EB42A75C2E40028A7C3 /* JannahApp.swift */; };
		30680EB72A75C2E40028A7C3 /* ContentView.swift in Sources */ = {isa = PBXBuildFile; fileRef = 30680EB62A75C2E40028A7C3 /* ContentView.swift */; };
		30680EB92A75C2E50028A7C3 /* Assets.xcassets in Resources */ = {isa = PBXBuildFile; fileRef = 30680EB82A75C2E50028A7C3 /* Assets.xcassets */; };
		30680EBC2A75C2E50028A7C3 /* Preview Assets.xcassets in Resources */ = {isa = PBXBuildFile; fileRef = 30680EBB2A75C2E50028A7C3 /* Preview Assets.xcassets */; };
		30680EC62A75C2E50028A7C3 /* JannahTests.swift in Sources */ = {isa = PBXBuildFile; fileRef = 30680EC52A75C2E50028A7C3 /* JannahTests.swift */; };
		30680ED02A75C2E50028A7C3 /* JannahUITests.swift in Sources */ = {isa = PBXBuildFile; fileRef = 30680ECF2A75C2E50028A7C3 /* JannahUITests.swift */; };
		30680ED22A75C2E50028A7C3 /* JannahUITestsLaunchTests.swift in Sources */ = {isa = PBXBuildFile; fileRef = 30680ED12A75C2E50028A7C3 /* JannahUITestsLaunchTests.swift */; };
		30680EE02A75C7A70028A7C3 /* Apollo in Frameworks */ = {isa = PBXBuildFile; productRef = 30680EDF2A75C7A70028A7C3 /* Apollo */; };
		30680EE22A75C7A70028A7C3 /* ApolloWebSocket in Frameworks */ = {isa = PBXBuildFile; productRef = 30680EE12A75C7A70028A7C3 /* ApolloWebSocket */; };
		30680EE42A75C97F0028A7C3 /* apollo-codegen-config.json in Resources */ = {isa = PBXBuildFile; fileRef = 30680EE32A75C97F0028A7C3 /* apollo-codegen-config.json */; };
		30680EE62A75CB520028A7C3 /* graphql in Resources */ = {isa = PBXBuildFile; fileRef = 30680EE52A75CB520028A7C3 /* graphql */; };
		30680EEB2A75CE870028A7C3 /* JannahApi in Frameworks */ = {isa = PBXBuildFile; productRef = 30680EEA2A75CE870028A7C3 /* JannahApi */; };
		30680EED2A75CF500028A7C3 /* Network.swift in Sources */ = {isa = PBXBuildFile; fileRef = 30680EEC2A75CF500028A7C3 /* Network.swift */; };
		30680EEF2A75D09A0028A7C3 /* WorkflowListViewModel.swift in Sources */ = {isa = PBXBuildFile; fileRef = 30680EEE2A75D0990028A7C3 /* WorkflowListViewModel.swift */; };
		30680EF12A75D1070028A7C3 /* View+Alert.swift in Sources */ = {isa = PBXBuildFile; fileRef = 30680EF02A75D1070028A7C3 /* View+Alert.swift */; };
		30C184652A79B7E50035F7E1 /* WorkflowRow.swift in Sources */ = {isa = PBXBuildFile; fileRef = 30C184642A79B7E50035F7E1 /* WorkflowRow.swift */; };
		30C1846B2A7C60EF0035F7E1 /* WorkflowListView.swift in Sources */ = {isa = PBXBuildFile; fileRef = 30C1846A2A7C60EF0035F7E1 /* WorkflowListView.swift */; };
/* End PBXBuildFile section */

/* Begin PBXContainerItemProxy section */
		30680EC22A75C2E50028A7C3 /* PBXContainerItemProxy */ = {
			isa = PBXContainerItemProxy;
			containerPortal = 30680EA92A75C2E40028A7C3 /* Project object */;
			proxyType = 1;
			remoteGlobalIDString = 30680EB02A75C2E40028A7C3;
			remoteInfo = Jannah;
		};
		30680ECC2A75C2E50028A7C3 /* PBXContainerItemProxy */ = {
			isa = PBXContainerItemProxy;
			containerPortal = 30680EA92A75C2E40028A7C3 /* Project object */;
			proxyType = 1;
			remoteGlobalIDString = 30680EB02A75C2E40028A7C3;
			remoteInfo = Jannah;
		};
/* End PBXContainerItemProxy section */

/* Begin PBXFileReference section */
		30680EB12A75C2E40028A7C3 /* Jannah.app */ = {isa = PBXFileReference; explicitFileType = wrapper.application; includeInIndex = 0; path = Jannah.app; sourceTree = BUILT_PRODUCTS_DIR; };
		30680EB42A75C2E40028A7C3 /* JannahApp.swift */ = {isa = PBXFileReference; lastKnownFileType = sourcecode.swift; path = JannahApp.swift; sourceTree = "<group>"; };
		30680EB62A75C2E40028A7C3 /* ContentView.swift */ = {isa = PBXFileReference; lastKnownFileType = sourcecode.swift; path = ContentView.swift; sourceTree = "<group>"; };
		30680EB82A75C2E50028A7C3 /* Assets.xcassets */ = {isa = PBXFileReference; lastKnownFileType = folder.assetcatalog; path = Assets.xcassets; sourceTree = "<group>"; };
		30680EBB2A75C2E50028A7C3 /* Preview Assets.xcassets */ = {isa = PBXFileReference; lastKnownFileType = folder.assetcatalog; path = "Preview Assets.xcassets"; sourceTree = "<group>"; };
		30680EC12A75C2E50028A7C3 /* JannahTests.xctest */ = {isa = PBXFileReference; explicitFileType = wrapper.cfbundle; includeInIndex = 0; path = JannahTests.xctest; sourceTree = BUILT_PRODUCTS_DIR; };
		30680EC52A75C2E50028A7C3 /* JannahTests.swift */ = {isa = PBXFileReference; lastKnownFileType = sourcecode.swift; path = JannahTests.swift; sourceTree = "<group>"; };
		30680ECB2A75C2E50028A7C3 /* JannahUITests.xctest */ = {isa = PBXFileReference; explicitFileType = wrapper.cfbundle; includeInIndex = 0; path = JannahUITests.xctest; sourceTree = BUILT_PRODUCTS_DIR; };
		30680ECF2A75C2E50028A7C3 /* JannahUITests.swift */ = {isa = PBXFileReference; lastKnownFileType = sourcecode.swift; path = JannahUITests.swift; sourceTree = "<group>"; };
		30680ED12A75C2E50028A7C3 /* JannahUITestsLaunchTests.swift */ = {isa = PBXFileReference; lastKnownFileType = sourcecode.swift; path = JannahUITestsLaunchTests.swift; sourceTree = "<group>"; };
		30680EE32A75C97F0028A7C3 /* apollo-codegen-config.json */ = {isa = PBXFileReference; fileEncoding = 4; lastKnownFileType = text.json; path = "apollo-codegen-config.json"; sourceTree = "<group>"; };
		30680EE52A75CB520028A7C3 /* graphql */ = {isa = PBXFileReference; lastKnownFileType = folder; path = graphql; sourceTree = "<group>"; };
		30680EE82A75CE5A0028A7C3 /* JannahApi */ = {isa = PBXFileReference; lastKnownFileType = wrapper; path = JannahApi; sourceTree = "<group>"; };
		30680EEC2A75CF500028A7C3 /* Network.swift */ = {isa = PBXFileReference; lastKnownFileType = sourcecode.swift; path = Network.swift; sourceTree = "<group>"; };
		30680EEE2A75D0990028A7C3 /* WorkflowListViewModel.swift */ = {isa = PBXFileReference; lastKnownFileType = sourcecode.swift; path = WorkflowListViewModel.swift; sourceTree = "<group>"; };
		30680EF02A75D1070028A7C3 /* View+Alert.swift */ = {isa = PBXFileReference; lastKnownFileType = sourcecode.swift; path = "View+Alert.swift"; sourceTree = "<group>"; };
		30C184642A79B7E50035F7E1 /* WorkflowRow.swift */ = {isa = PBXFileReference; lastKnownFileType = sourcecode.swift; path = WorkflowRow.swift; sourceTree = "<group>"; };
		30C1846A2A7C60EF0035F7E1 /* WorkflowListView.swift */ = {isa = PBXFileReference; lastKnownFileType = sourcecode.swift; path = WorkflowListView.swift; sourceTree = SOURCE_ROOT; };
/* End PBXFileReference section */

/* Begin PBXFrameworksBuildPhase section */
		30680EAE2A75C2E40028A7C3 /* Frameworks */ = {
			isa = PBXFrameworksBuildPhase;
			buildActionMask = 2147483647;
			files = (
				30680EE02A75C7A70028A7C3 /* Apollo in Frameworks */,
				30680EEB2A75CE870028A7C3 /* JannahApi in Frameworks */,
				30680EE22A75C7A70028A7C3 /* ApolloWebSocket in Frameworks */,
			);
			runOnlyForDeploymentPostprocessing = 0;
		};
		30680EBE2A75C2E50028A7C3 /* Frameworks */ = {
			isa = PBXFrameworksBuildPhase;
			buildActionMask = 2147483647;
			files = (
			);
			runOnlyForDeploymentPostprocessing = 0;
		};
		30680EC82A75C2E50028A7C3 /* Frameworks */ = {
			isa = PBXFrameworksBuildPhase;
			buildActionMask = 2147483647;
			files = (
			);
			runOnlyForDeploymentPostprocessing = 0;
		};
/* End PBXFrameworksBuildPhase section */

/* Begin PBXGroup section */
		30680EA82A75C2E40028A7C3 = {
			isa = PBXGroup;
			children = (
				30680EE72A75CE5A0028A7C3 /* Packages */,
				30680EE52A75CB520028A7C3 /* graphql */,
				30680EE32A75C97F0028A7C3 /* apollo-codegen-config.json */,
				30680EB32A75C2E40028A7C3 /* Jannah */,
				30680EC42A75C2E50028A7C3 /* JannahTests */,
				30680ECE2A75C2E50028A7C3 /* JannahUITests */,
				30680EB22A75C2E40028A7C3 /* Products */,
				30680EE92A75CE870028A7C3 /* Frameworks */,
			);
			sourceTree = "<group>";
		};
		30680EB22A75C2E40028A7C3 /* Products */ = {
			isa = PBXGroup;
			children = (
				30680EB12A75C2E40028A7C3 /* Jannah.app */,
				30680EC12A75C2E50028A7C3 /* JannahTests.xctest */,
				30680ECB2A75C2E50028A7C3 /* JannahUITests.xctest */,
			);
			name = Products;
			sourceTree = "<group>";
		};
		30680EB32A75C2E40028A7C3 /* Jannah */ = {
			isa = PBXGroup;
			children = (
				30C1846A2A7C60EF0035F7E1 /* WorkflowListView.swift */,
				30680EB42A75C2E40028A7C3 /* JannahApp.swift */,
				30680EB62A75C2E40028A7C3 /* ContentView.swift */,
				30680EB82A75C2E50028A7C3 /* Assets.xcassets */,
				30680EBA2A75C2E50028A7C3 /* Preview Content */,
				30680EEC2A75CF500028A7C3 /* Network.swift */,
				30680EEE2A75D0990028A7C3 /* WorkflowListViewModel.swift */,
				30680EF02A75D1070028A7C3 /* View+Alert.swift */,
				30C184642A79B7E50035F7E1 /* WorkflowRow.swift */,
			);
			path = Jannah;
			sourceTree = "<group>";
		};
		30680EBA2A75C2E50028A7C3 /* Preview Content */ = {
			isa = PBXGroup;
			children = (
				30680EBB2A75C2E50028A7C3 /* Preview Assets.xcassets */,
			);
			path = "Preview Content";
			sourceTree = "<group>";
		};
		30680EC42A75C2E50028A7C3 /* JannahTests */ = {
			isa = PBXGroup;
			children = (
				30680EC52A75C2E50028A7C3 /* JannahTests.swift */,
			);
			path = JannahTests;
			sourceTree = "<group>";
		};
		30680ECE2A75C2E50028A7C3 /* JannahUITests */ = {
			isa = PBXGroup;
			children = (
				30680ECF2A75C2E50028A7C3 /* JannahUITests.swift */,
				30680ED12A75C2E50028A7C3 /* JannahUITestsLaunchTests.swift */,
			);
			path = JannahUITests;
			sourceTree = "<group>";
		};
		30680EE72A75CE5A0028A7C3 /* Packages */ = {
			isa = PBXGroup;
			children = (
				30680EE82A75CE5A0028A7C3 /* JannahApi */,
			);
			name = Packages;
			sourceTree = "<group>";
		};
		30680EE92A75CE870028A7C3 /* Frameworks */ = {
			isa = PBXGroup;
			children = (
			);
			name = Frameworks;
			sourceTree = "<group>";
		};
/* End PBXGroup section */

/* Begin PBXNativeTarget section */
		30680EB02A75C2E40028A7C3 /* Jannah */ = {
			isa = PBXNativeTarget;
			buildConfigurationList = 30680ED52A75C2E50028A7C3 /* Build configuration list for PBXNativeTarget "Jannah" */;
			buildPhases = (
				30680EAD2A75C2E40028A7C3 /* Sources */,
				30680EAE2A75C2E40028A7C3 /* Frameworks */,
				30680EAF2A75C2E40028A7C3 /* Resources */,
			);
			buildRules = (
			);
			dependencies = (
			);
			name = Jannah;
			packageProductDependencies = (
				30680EDF2A75C7A70028A7C3 /* Apollo */,
				30680EE12A75C7A70028A7C3 /* ApolloWebSocket */,
				30680EEA2A75CE870028A7C3 /* JannahApi */,
			);
			productName = Jannah;
			productReference = 30680EB12A75C2E40028A7C3 /* Jannah.app */;
			productType = "com.apple.product-type.application";
		};
		30680EC02A75C2E50028A7C3 /* JannahTests */ = {
			isa = PBXNativeTarget;
			buildConfigurationList = 30680ED82A75C2E50028A7C3 /* Build configuration list for PBXNativeTarget "JannahTests" */;
			buildPhases = (
				30680EBD2A75C2E50028A7C3 /* Sources */,
				30680EBE2A75C2E50028A7C3 /* Frameworks */,
				30680EBF2A75C2E50028A7C3 /* Resources */,
			);
			buildRules = (
			);
			dependencies = (
				30680EC32A75C2E50028A7C3 /* PBXTargetDependency */,
			);
			name = JannahTests;
			productName = JannahTests;
			productReference = 30680EC12A75C2E50028A7C3 /* JannahTests.xctest */;
			productType = "com.apple.product-type.bundle.unit-test";
		};
		30680ECA2A75C2E50028A7C3 /* JannahUITests */ = {
			isa = PBXNativeTarget;
			buildConfigurationList = 30680EDB2A75C2E50028A7C3 /* Build configuration list for PBXNativeTarget "JannahUITests" */;
			buildPhases = (
				30680EC72A75C2E50028A7C3 /* Sources */,
				30680EC82A75C2E50028A7C3 /* Frameworks */,
				30680EC92A75C2E50028A7C3 /* Resources */,
			);
			buildRules = (
			);
			dependencies = (
				30680ECD2A75C2E50028A7C3 /* PBXTargetDependency */,
			);
			name = JannahUITests;
			productName = JannahUITests;
			productReference = 30680ECB2A75C2E50028A7C3 /* JannahUITests.xctest */;
			productType = "com.apple.product-type.bundle.ui-testing";
		};
/* End PBXNativeTarget section */

/* Begin PBXProject section */
		30680EA92A75C2E40028A7C3 /* Project object */ = {
			isa = PBXProject;
			attributes = {
				BuildIndependentTargetsInParallel = 1;
				LastSwiftUpdateCheck = 1430;
				LastUpgradeCheck = 1430;
				TargetAttributes = {
					30680EB02A75C2E40028A7C3 = {
						CreatedOnToolsVersion = 14.3;
					};
					30680EC02A75C2E50028A7C3 = {
						CreatedOnToolsVersion = 14.3;
						TestTargetID = 30680EB02A75C2E40028A7C3;
					};
					30680ECA2A75C2E50028A7C3 = {
						CreatedOnToolsVersion = 14.3;
						TestTargetID = 30680EB02A75C2E40028A7C3;
					};
				};
			};
			buildConfigurationList = 30680EAC2A75C2E40028A7C3 /* Build configuration list for PBXProject "Jannah" */;
			compatibilityVersion = "Xcode 14.0";
			developmentRegion = en;
			hasScannedForEncodings = 0;
			knownRegions = (
				en,
				Base,
			);
			mainGroup = 30680EA82A75C2E40028A7C3;
			packageReferences = (
				30680EDE2A75C7A70028A7C3 /* XCRemoteSwiftPackageReference "apollo-ios" */,
			);
			productRefGroup = 30680EB22A75C2E40028A7C3 /* Products */;
			projectDirPath = "";
			projectRoot = "";
			targets = (
				30680EB02A75C2E40028A7C3 /* Jannah */,
				30680EC02A75C2E50028A7C3 /* JannahTests */,
				30680ECA2A75C2E50028A7C3 /* JannahUITests */,
			);
		};
/* End PBXProject section */

/* Begin PBXResourcesBuildPhase section */
		30680EAF2A75C2E40028A7C3 /* Resources */ = {
			isa = PBXResourcesBuildPhase;
			buildActionMask = 2147483647;
			files = (
				30680EE42A75C97F0028A7C3 /* apollo-codegen-config.json in Resources */,
				30680EBC2A75C2E50028A7C3 /* Preview Assets.xcassets in Resources */,
				30680EE62A75CB520028A7C3 /* graphql in Resources */,
				30680EB92A75C2E50028A7C3 /* Assets.xcassets in Resources */,
			);
			runOnlyForDeploymentPostprocessing = 0;
		};
		30680EBF2A75C2E50028A7C3 /* Resources */ = {
			isa = PBXResourcesBuildPhase;
			buildActionMask = 2147483647;
			files = (
			);
			runOnlyForDeploymentPostprocessing = 0;
		};
		30680EC92A75C2E50028A7C3 /* Resources */ = {
			isa = PBXResourcesBuildPhase;
			buildActionMask = 2147483647;
			files = (
			);
			runOnlyForDeploymentPostprocessing = 0;
		};
/* End PBXResourcesBuildPhase section */

/* Begin PBXSourcesBuildPhase section */
		30680EAD2A75C2E40028A7C3 /* Sources */ = {
			isa = PBXSourcesBuildPhase;
			buildActionMask = 2147483647;
			files = (
				30680EB72A75C2E40028A7C3 /* ContentView.swift in Sources */,
				30C184652A79B7E50035F7E1 /* WorkflowRow.swift in Sources */,
				30680EEF2A75D09A0028A7C3 /* WorkflowListViewModel.swift in Sources */,
				30C1846B2A7C60EF0035F7E1 /* WorkflowListView.swift in Sources */,
				30680EB52A75C2E40028A7C3 /* JannahApp.swift in Sources */,
				30680EED2A75CF500028A7C3 /* Network.swift in Sources */,
				30680EF12A75D1070028A7C3 /* View+Alert.swift in Sources */,
			);
			runOnlyForDeploymentPostprocessing = 0;
		};
		30680EBD2A75C2E50028A7C3 /* Sources */ = {
			isa = PBXSourcesBuildPhase;
			buildActionMask = 2147483647;
			files = (
				30680EC62A75C2E50028A7C3 /* JannahTests.swift in Sources */,
			);
			runOnlyForDeploymentPostprocessing = 0;
		};
		30680EC72A75C2E50028A7C3 /* Sources */ = {
			isa = PBXSourcesBuildPhase;
			buildActionMask = 2147483647;
			files = (
				30680ED22A75C2E50028A7C3 /* JannahUITestsLaunchTests.swift in Sources */,
				30680ED02A75C2E50028A7C3 /* JannahUITests.swift in Sources */,
			);
			runOnlyForDeploymentPostprocessing = 0;
		};
/* End PBXSourcesBuildPhase section */

/* Begin PBXTargetDependency section */
		30680EC32A75C2E50028A7C3 /* PBXTargetDependency */ = {
			isa = PBXTargetDependency;
			target = 30680EB02A75C2E40028A7C3 /* Jannah */;
			targetProxy = 30680EC22A75C2E50028A7C3 /* PBXContainerItemProxy */;
		};
		30680ECD2A75C2E50028A7C3 /* PBXTargetDependency */ = {
			isa = PBXTargetDependency;
			target = 30680EB02A75C2E40028A7C3 /* Jannah */;
			targetProxy = 30680ECC2A75C2E50028A7C3 /* PBXContainerItemProxy */;
		};
/* End PBXTargetDependency section */

/* Begin XCBuildConfiguration section */
		30680ED32A75C2E50028A7C3 /* Debug */ = {
			isa = XCBuildConfiguration;
			buildSettings = {
				ALWAYS_SEARCH_USER_PATHS = NO;
				CLANG_ANALYZER_NONNULL = YES;
				CLANG_ANALYZER_NUMBER_OBJECT_CONVERSION = YES_AGGRESSIVE;
				CLANG_CXX_LANGUAGE_STANDARD = "gnu++20";
				CLANG_ENABLE_MODULES = YES;
				CLANG_ENABLE_OBJC_ARC = YES;
				CLANG_ENABLE_OBJC_WEAK = YES;
				CLANG_WARN_BLOCK_CAPTURE_AUTORELEASING = YES;
				CLANG_WARN_BOOL_CONVERSION = YES;
				CLANG_WARN_COMMA = YES;
				CLANG_WARN_CONSTANT_CONVERSION = YES;
				CLANG_WARN_DEPRECATED_OBJC_IMPLEMENTATIONS = YES;
				CLANG_WARN_DIRECT_OBJC_ISA_USAGE = YES_ERROR;
				CLANG_WARN_DOCUMENTATION_COMMENTS = YES;
				CLANG_WARN_EMPTY_BODY = YES;
				CLANG_WARN_ENUM_CONVERSION = YES;
				CLANG_WARN_INFINITE_RECURSION = YES;
				CLANG_WARN_INT_CONVERSION = YES;
				CLANG_WARN_NON_LITERAL_NULL_CONVERSION = YES;
				CLANG_WARN_OBJC_IMPLICIT_RETAIN_SELF = YES;
				CLANG_WARN_OBJC_LITERAL_CONVERSION = YES;
				CLANG_WARN_OBJC_ROOT_CLASS = YES_ERROR;
				CLANG_WARN_QUOTED_INCLUDE_IN_FRAMEWORK_HEADER = YES;
				CLANG_WARN_RANGE_LOOP_ANALYSIS = YES;
				CLANG_WARN_STRICT_PROTOTYPES = YES;
				CLANG_WARN_SUSPICIOUS_MOVE = YES;
				CLANG_WARN_UNGUARDED_AVAILABILITY = YES_AGGRESSIVE;
				CLANG_WARN_UNREACHABLE_CODE = YES;
				CLANG_WARN__DUPLICATE_METHOD_MATCH = YES;
				COPY_PHASE_STRIP = NO;
				DEBUG_INFORMATION_FORMAT = dwarf;
				ENABLE_STRICT_OBJC_MSGSEND = YES;
				ENABLE_TESTABILITY = YES;
				GCC_C_LANGUAGE_STANDARD = gnu11;
				GCC_DYNAMIC_NO_PIC = NO;
				GCC_NO_COMMON_BLOCKS = YES;
				GCC_OPTIMIZATION_LEVEL = 0;
				GCC_PREPROCESSOR_DEFINITIONS = (
					"DEBUG=1",
					"$(inherited)",
				);
				GCC_WARN_64_TO_32_BIT_CONVERSION = YES;
				GCC_WARN_ABOUT_RETURN_TYPE = YES_ERROR;
				GCC_WARN_UNDECLARED_SELECTOR = YES;
				GCC_WARN_UNINITIALIZED_AUTOS = YES_AGGRESSIVE;
				GCC_WARN_UNUSED_FUNCTION = YES;
				GCC_WARN_UNUSED_VARIABLE = YES;
				IPHONEOS_DEPLOYMENT_TARGET = 16.4;
				MTL_ENABLE_DEBUG_INFO = INCLUDE_SOURCE;
				MTL_FAST_MATH = YES;
				ONLY_ACTIVE_ARCH = YES;
				SDKROOT = iphoneos;
				SWIFT_ACTIVE_COMPILATION_CONDITIONS = DEBUG;
				SWIFT_OPTIMIZATION_LEVEL = "-Onone";
			};
			name = Debug;
		};
		30680ED42A75C2E50028A7C3 /* Release */ = {
			isa = XCBuildConfiguration;
			buildSettings = {
				ALWAYS_SEARCH_USER_PATHS = NO;
				CLANG_ANALYZER_NONNULL = YES;
				CLANG_ANALYZER_NUMBER_OBJECT_CONVERSION = YES_AGGRESSIVE;
				CLANG_CXX_LANGUAGE_STANDARD = "gnu++20";
				CLANG_ENABLE_MODULES = YES;
				CLANG_ENABLE_OBJC_ARC = YES;
				CLANG_ENABLE_OBJC_WEAK = YES;
				CLANG_WARN_BLOCK_CAPTURE_AUTORELEASING = YES;
				CLANG_WARN_BOOL_CONVERSION = YES;
				CLANG_WARN_COMMA = YES;
				CLANG_WARN_CONSTANT_CONVERSION = YES;
				CLANG_WARN_DEPRECATED_OBJC_IMPLEMENTATIONS = YES;
				CLANG_WARN_DIRECT_OBJC_ISA_USAGE = YES_ERROR;
				CLANG_WARN_DOCUMENTATION_COMMENTS = YES;
				CLANG_WARN_EMPTY_BODY = YES;
				CLANG_WARN_ENUM_CONVERSION = YES;
				CLANG_WARN_INFINITE_RECURSION = YES;
				CLANG_WARN_INT_CONVERSION = YES;
				CLANG_WARN_NON_LITERAL_NULL_CONVERSION = YES;
				CLANG_WARN_OBJC_IMPLICIT_RETAIN_SELF = YES;
				CLANG_WARN_OBJC_LITERAL_CONVERSION = YES;
				CLANG_WARN_OBJC_ROOT_CLASS = YES_ERROR;
				CLANG_WARN_QUOTED_INCLUDE_IN_FRAMEWORK_HEADER = YES;
				CLANG_WARN_RANGE_LOOP_ANALYSIS = YES;
				CLANG_WARN_STRICT_PROTOTYPES = YES;
				CLANG_WARN_SUSPICIOUS_MOVE = YES;
				CLANG_WARN_UNGUARDED_AVAILABILITY = YES_AGGRESSIVE;
				CLANG_WARN_UNREACHABLE_CODE = YES;
				CLANG_WARN__DUPLICATE_METHOD_MATCH = YES;
				COPY_PHASE_STRIP = NO;
				DEBUG_INFORMATION_FORMAT = "dwarf-with-dsym";
				ENABLE_NS_ASSERTIONS = NO;
				ENABLE_STRICT_OBJC_MSGSEND = YES;
				GCC_C_LANGUAGE_STANDARD = gnu11;
				GCC_NO_COMMON_BLOCKS = YES;
				GCC_WARN_64_TO_32_BIT_CONVERSION = YES;
				GCC_WARN_ABOUT_RETURN_TYPE = YES_ERROR;
				GCC_WARN_UNDECLARED_SELECTOR = YES;
				GCC_WARN_UNINITIALIZED_AUTOS = YES_AGGRESSIVE;
				GCC_WARN_UNUSED_FUNCTION = YES;
				GCC_WARN_UNUSED_VARIABLE = YES;
				IPHONEOS_DEPLOYMENT_TARGET = 16.4;
				MTL_ENABLE_DEBUG_INFO = NO;
				MTL_FAST_MATH = YES;
				SDKROOT = iphoneos;
				SWIFT_COMPILATION_MODE = wholemodule;
				SWIFT_OPTIMIZATION_LEVEL = "-O";
				VALIDATE_PRODUCT = YES;
			};
			name = Release;
		};
		30680ED62A75C2E50028A7C3 /* Debug */ = {
			isa = XCBuildConfiguration;
			buildSettings = {
				ASSETCATALOG_COMPILER_APPICON_NAME = AppIcon;
				ASSETCATALOG_COMPILER_GLOBAL_ACCENT_COLOR_NAME = AccentColor;
				CODE_SIGN_STYLE = Automatic;
				CURRENT_PROJECT_VERSION = 1;
				DEVELOPMENT_ASSET_PATHS = "\"Jannah/Preview Content\"";
				DEVELOPMENT_TEAM = L4GBN653F8;
				ENABLE_PREVIEWS = YES;
				GENERATE_INFOPLIST_FILE = YES;
				INFOPLIST_KEY_UIApplicationSceneManifest_Generation = YES;
				INFOPLIST_KEY_UIApplicationSupportsIndirectInputEvents = YES;
				INFOPLIST_KEY_UILaunchScreen_Generation = YES;
				INFOPLIST_KEY_UISupportedInterfaceOrientations_iPad = "UIInterfaceOrientationPortrait UIInterfaceOrientationPortraitUpsideDown UIInterfaceOrientationLandscapeLeft UIInterfaceOrientationLandscapeRight";
				INFOPLIST_KEY_UISupportedInterfaceOrientations_iPhone = "UIInterfaceOrientationPortrait UIInterfaceOrientationLandscapeLeft UIInterfaceOrientationLandscapeRight";
				LD_RUNPATH_SEARCH_PATHS = (
					"$(inherited)",
					"@executable_path/Frameworks",
				);
				MARKETING_VERSION = 1.0;
				PRODUCT_BUNDLE_IDENTIFIER = io.jannah.Jannah;
				PRODUCT_NAME = "$(TARGET_NAME)";
				SWIFT_EMIT_LOC_STRINGS = YES;
				SWIFT_VERSION = 5.0;
				TARGETED_DEVICE_FAMILY = "1,2";
			};
			name = Debug;
		};
		30680ED72A75C2E50028A7C3 /* Release */ = {
			isa = XCBuildConfiguration;
			buildSettings = {
				ASSETCATALOG_COMPILER_APPICON_NAME = AppIcon;
				ASSETCATALOG_COMPILER_GLOBAL_ACCENT_COLOR_NAME = AccentColor;
				CODE_SIGN_STYLE = Automatic;
				CURRENT_PROJECT_VERSION = 1;
				DEVELOPMENT_ASSET_PATHS = "\"Jannah/Preview Content\"";
				DEVELOPMENT_TEAM = L4GBN653F8;
				ENABLE_PREVIEWS = YES;
				GENERATE_INFOPLIST_FILE = YES;
				INFOPLIST_KEY_UIApplicationSceneManifest_Generation = YES;
				INFOPLIST_KEY_UIApplicationSupportsIndirectInputEvents = YES;
				INFOPLIST_KEY_UILaunchScreen_Generation = YES;
				INFOPLIST_KEY_UISupportedInterfaceOrientations_iPad = "UIInterfaceOrientationPortrait UIInterfaceOrientationPortraitUpsideDown UIInterfaceOrientationLandscapeLeft UIInterfaceOrientationLandscapeRight";
				INFOPLIST_KEY_UISupportedInterfaceOrientations_iPhone = "UIInterfaceOrientationPortrait UIInterfaceOrientationLandscapeLeft UIInterfaceOrientationLandscapeRight";
				LD_RUNPATH_SEARCH_PATHS = (
					"$(inherited)",
					"@executable_path/Frameworks",
				);
				MARKETING_VERSION = 1.0;
				PRODUCT_BUNDLE_IDENTIFIER = io.jannah.Jannah;
				PRODUCT_NAME = "$(TARGET_NAME)";
				SWIFT_EMIT_LOC_STRINGS = YES;
				SWIFT_VERSION = 5.0;
				TARGETED_DEVICE_FAMILY = "1,2";
			};
			name = Release;
		};
		30680ED92A75C2E50028A7C3 /* Debug */ = {
			isa = XCBuildConfiguration;
			buildSettings = {
				ALWAYS_EMBED_SWIFT_STANDARD_LIBRARIES = YES;
				BUNDLE_LOADER = "$(TEST_HOST)";
				CODE_SIGN_STYLE = Automatic;
				CURRENT_PROJECT_VERSION = 1;
				DEVELOPMENT_TEAM = L4GBN653F8;
				GENERATE_INFOPLIST_FILE = YES;
				IPHONEOS_DEPLOYMENT_TARGET = 16.4;
				MARKETING_VERSION = 1.0;
				PRODUCT_BUNDLE_IDENTIFIER = io.jannah.JannahTests;
				PRODUCT_NAME = "$(TARGET_NAME)";
				SWIFT_EMIT_LOC_STRINGS = NO;
				SWIFT_VERSION = 5.0;
				TARGETED_DEVICE_FAMILY = "1,2";
				TEST_HOST = "$(BUILT_PRODUCTS_DIR)/Jannah.app/$(BUNDLE_EXECUTABLE_FOLDER_PATH)/Jannah";
			};
			name = Debug;
		};
		30680EDA2A75C2E50028A7C3 /* Release */ = {
			isa = XCBuildConfiguration;
			buildSettings = {
				ALWAYS_EMBED_SWIFT_STANDARD_LIBRARIES = YES;
				BUNDLE_LOADER = "$(TEST_HOST)";
				CODE_SIGN_STYLE = Automatic;
				CURRENT_PROJECT_VERSION = 1;
				DEVELOPMENT_TEAM = L4GBN653F8;
				GENERATE_INFOPLIST_FILE = YES;
				IPHONEOS_DEPLOYMENT_TARGET = 16.4;
				MARKETING_VERSION = 1.0;
				PRODUCT_BUNDLE_IDENTIFIER = io.jannah.JannahTests;
				PRODUCT_NAME = "$(TARGET_NAME)";
				SWIFT_EMIT_LOC_STRINGS = NO;
				SWIFT_VERSION = 5.0;
				TARGETED_DEVICE_FAMILY = "1,2";
				TEST_HOST = "$(BUILT_PRODUCTS_DIR)/Jannah.app/$(BUNDLE_EXECUTABLE_FOLDER_PATH)/Jannah";
			};
			name = Release;
		};
		30680EDC2A75C2E50028A7C3 /* Debug */ = {
			isa = XCBuildConfiguration;
			buildSettings = {
				ALWAYS_EMBED_SWIFT_STANDARD_LIBRARIES = YES;
				CODE_SIGN_STYLE = Automatic;
				CURRENT_PROJECT_VERSION = 1;
				DEVELOPMENT_TEAM = L4GBN653F8;
				GENERATE_INFOPLIST_FILE = YES;
				MARKETING_VERSION = 1.0;
				PRODUCT_BUNDLE_IDENTIFIER = io.jannah.JannahUITests;
				PRODUCT_NAME = "$(TARGET_NAME)";
				SWIFT_EMIT_LOC_STRINGS = NO;
				SWIFT_VERSION = 5.0;
				TARGETED_DEVICE_FAMILY = "1,2";
				TEST_TARGET_NAME = Jannah;
			};
			name = Debug;
		};
		30680EDD2A75C2E50028A7C3 /* Release */ = {
			isa = XCBuildConfiguration;
			buildSettings = {
				ALWAYS_EMBED_SWIFT_STANDARD_LIBRARIES = YES;
				CODE_SIGN_STYLE = Automatic;
				CURRENT_PROJECT_VERSION = 1;
				DEVELOPMENT_TEAM = L4GBN653F8;
				GENERATE_INFOPLIST_FILE = YES;
				MARKETING_VERSION = 1.0;
				PRODUCT_BUNDLE_IDENTIFIER = io.jannah.JannahUITests;
				PRODUCT_NAME = "$(TARGET_NAME)";
				SWIFT_EMIT_LOC_STRINGS = NO;
				SWIFT_VERSION = 5.0;
				TARGETED_DEVICE_FAMILY = "1,2";
				TEST_TARGET_NAME = Jannah;
			};
			name = Release;
		};
/* End XCBuildConfiguration section */

/* Begin XCConfigurationList section */
		30680EAC2A75C2E40028A7C3 /* Build configuration list for PBXProject "Jannah" */ = {
			isa = XCConfigurationList;
			buildConfigurations = (
				30680ED32A75C2E50028A7C3 /* Debug */,
				30680ED42A75C2E50028A7C3 /* Release */,
			);
			defaultConfigurationIsVisible = 0;
			defaultConfigurationName = Release;
		};
		30680ED52A75C2E50028A7C3 /* Build configuration list for PBXNativeTarget "Jannah" */ = {
			isa = XCConfigurationList;
			buildConfigurations = (
				30680ED62A75C2E50028A7C3 /* Debug */,
				30680ED72A75C2E50028A7C3 /* Release */,
			);
			defaultConfigurationIsVisible = 0;
			defaultConfigurationName = Release;
		};
		30680ED82A75C2E50028A7C3 /* Build configuration list for PBXNativeTarget "JannahTests" */ = {
			isa = XCConfigurationList;
			buildConfigurations = (
				30680ED92A75C2E50028A7C3 /* Debug */,
				30680EDA2A75C2E50028A7C3 /* Release */,
			);
			defaultConfigurationIsVisible = 0;
			defaultConfigurationName = Release;
		};
		30680EDB2A75C2E50028A7C3 /* Build configuration list for PBXNativeTarget "JannahUITests" */ = {
			isa = XCConfigurationList;
			buildConfigurations = (
				30680EDC2A75C2E50028A7C3 /* Debug */,
				30680EDD2A75C2E50028A7C3 /* Release */,
			);
			defaultConfigurationIsVisible = 0;
			defaultConfigurationName = Release;
		};
/* End XCConfigurationList section */

/* Begin XCRemoteSwiftPackageReference section */
		30680EDE2A75C7A70028A7C3 /* XCRemoteSwiftPackageReference "apollo-ios" */ = {
			isa = XCRemoteSwiftPackageReference;
			repositoryURL = "https://github.com/apollographql/apollo-ios.git";
			requirement = {
				kind = upToNextMinorVersion;
				minimumVersion = 1.2.0;
			};
		};
/* End XCRemoteSwiftPackageReference section */

/* Begin XCSwiftPackageProductDependency section */
		30680EDF2A75C7A70028A7C3 /* Apollo */ = {
			isa = XCSwiftPackageProductDependency;
			package = 30680EDE2A75C7A70028A7C3 /* XCRemoteSwiftPackageReference "apollo-ios" */;
			productName = Apollo;
		};
		30680EE12A75C7A70028A7C3 /* ApolloWebSocket */ = {
			isa = XCSwiftPackageProductDependency;
			package = 30680EDE2A75C7A70028A7C3 /* XCRemoteSwiftPackageReference "apollo-ios" */;
			productName = ApolloWebSocket;
		};
		30680EEA2A75CE870028A7C3 /* JannahApi */ = {
			isa = XCSwiftPackageProductDependency;
			productName = JannahApi;
		};
/* End XCSwiftPackageProductDependency section */
	};
	rootObject = 30680EA92A75C2E40028A7C3 /* Project object */;
}
